// !$*UTF8*$!
{
	archiveVersion = 1;
	classes = {
	};
	objectVersion = 46;
	objects = {

/* Begin PBXBuildFile section */
		5B0C9DBD1F4EEA5300E553F8 /* CALayer+createNonAnimatingCopy.swift in Sources */ = {isa = PBXBuildFile; fileRef = 5B0C9DBC1F4EEA5300E553F8 /* CALayer+createNonAnimatingCopy.swift */; };
		5B1F87051F4C889F0051A1A2 /* CAMediaTimingFunction.swift in Sources */ = {isa = PBXBuildFile; fileRef = 5B1F87041F4C889F0051A1A2 /* CAMediaTimingFunction.swift */; };
		5B2D46271F458E5000096D48 /* AnimationLoopState.swift in Sources */ = {isa = PBXBuildFile; fileRef = 5B2D46261F458E5000096D48 /* AnimationLoopState.swift */; };
		5B4F43CF1F39C45900FB4AB9 /* CASpringAnimation.swift in Sources */ = {isa = PBXBuildFile; fileRef = 5B4F43CE1F39C45900FB4AB9 /* CASpringAnimation.swift */; };
		5B6AC4571F2F73A90029AC0C /* CALayer+animations.swift in Sources */ = {isa = PBXBuildFile; fileRef = 5B6AC4561F2F73A90029AC0C /* CALayer+animations.swift */; };
		5B8053DF1F39EE0E00BAF074 /* UIViewAnimationGroup.swift in Sources */ = {isa = PBXBuildFile; fileRef = 5B8053DE1F39EE0E00BAF074 /* UIViewAnimationGroup.swift */; };
		5B840BB71F42FCBD0010AC95 /* AnimatableProperty.swift in Sources */ = {isa = PBXBuildFile; fileRef = 5B840BB61F42FCBC0010AC95 /* AnimatableProperty.swift */; };
		5BA7B40B1F45A6AD0040CB58 /* CABasicAnimationTests.swift in Sources */ = {isa = PBXBuildFile; fileRef = 5BA7B40A1F45A6AD0040CB58 /* CABasicAnimationTests.swift */; };
		5BA7B40E1F45A6E10040CB58 /* CABasicAnimationTests.swift in Sources */ = {isa = PBXBuildFile; fileRef = 5BA7B40A1F45A6AD0040CB58 /* CABasicAnimationTests.swift */; };
		5BBEECA51F39E7A6006E3416 /* CGRect+animations.swift in Sources */ = {isa = PBXBuildFile; fileRef = 5BBEECA41F39E7A6006E3416 /* CGRect+animations.swift */; };
		5BC6F7A81F4B1A3600F9C432 /* Sources/CABasicAnimation+updateProgress.swift in Sources */ = {isa = PBXBuildFile; fileRef = 5BC6F7A71F4B1A3600F9C432 /* Sources/CABasicAnimation+updateProgress.swift */; };
		5BD4762E1F4D82070055EE27 /* CAMediaTimingFunctionTests.swift in Sources */ = {isa = PBXBuildFile; fileRef = 5BD4762D1F4D82070055EE27 /* CAMediaTimingFunctionTests.swift */; };
		5BDE15E01F3DF7A1005620AA /* UIViewAnimationTests.swift in Sources */ = {isa = PBXBuildFile; fileRef = 5BDE15DF1F3DF703005620AA /* UIViewAnimationTests.swift */; };
		5BDE15E11F3DF7AE005620AA /* UIViewAnimationTests.swift in Sources */ = {isa = PBXBuildFile; fileRef = 5BDE15DF1F3DF703005620AA /* UIViewAnimationTests.swift */; };
		5BF6669A1F472A3400BF698C /* CABasicAnimationPrototype.swift in Sources */ = {isa = PBXBuildFile; fileRef = 5BF666991F472A3400BF698C /* CABasicAnimationPrototype.swift */; };
		5BF666A01F4AEC6800BF698C /* CASpringAnimationPrototype.swift in Sources */ = {isa = PBXBuildFile; fileRef = 5BF6669F1F4AEC6800BF698C /* CASpringAnimationPrototype.swift */; };
		5C1F06AF1F3210F300EFF087 /* UIViewController.swift in Sources */ = {isa = PBXBuildFile; fileRef = 5C1F06AE1F3210F200EFF087 /* UIViewController.swift */; };
		5C27E7B81ECB2F6500F5020D /* UIKit.framework in Frameworks */ = {isa = PBXBuildFile; fileRef = 5C27E7AE1ECB2F6500F5020D /* UIKit.framework */; };
		5C27E7DC1ECB2F9100F5020D /* Cocoa.framework in Frameworks */ = {isa = PBXBuildFile; fileRef = 5C27E7D21ECB2F9100F5020D /* Cocoa.framework */; };
		5C27E7DD1ECB2F9100F5020D /* AudioToolbox.framework in Frameworks */ = {isa = PBXBuildFile; fileRef = 5C27E7D31ECB2F9100F5020D /* AudioToolbox.framework */; };
		5C27E7DE1ECB2F9100F5020D /* ForceFeedback.framework in Frameworks */ = {isa = PBXBuildFile; fileRef = 5C27E7D41ECB2F9100F5020D /* ForceFeedback.framework */; };
		5C27E7DF1ECB2F9100F5020D /* Carbon.framework in Frameworks */ = {isa = PBXBuildFile; fileRef = 5C27E7D51ECB2F9100F5020D /* Carbon.framework */; };
		5C27E7E01ECB2F9100F5020D /* CoreFoundation.framework in Frameworks */ = {isa = PBXBuildFile; fileRef = 5C27E7D61ECB2F9100F5020D /* CoreFoundation.framework */; };
		5C27E7E11ECB2F9100F5020D /* IOKit.framework in Frameworks */ = {isa = PBXBuildFile; fileRef = 5C27E7D71ECB2F9100F5020D /* IOKit.framework */; };
		5C27E7E21ECB2F9100F5020D /* CoreVideo.framework in Frameworks */ = {isa = PBXBuildFile; fileRef = 5C27E7D81ECB2F9100F5020D /* CoreVideo.framework */; };
		5C27E7E31ECB2F9100F5020D /* CoreAudio.framework in Frameworks */ = {isa = PBXBuildFile; fileRef = 5C27E7D91ECB2F9100F5020D /* CoreAudio.framework */; };
		5C27E7E41ECB2F9100F5020D /* ApplicationServices.framework in Frameworks */ = {isa = PBXBuildFile; fileRef = 5C27E7DA1ECB2F9100F5020D /* ApplicationServices.framework */; };
		5C27E7E51ECB2F9100F5020D /* Foundation.framework in Frameworks */ = {isa = PBXBuildFile; fileRef = 5C27E7DB1ECB2F9100F5020D /* Foundation.framework */; };
		5C27E80F1ECB301900F5020D /* SDL2 Shims.swift in Sources */ = {isa = PBXBuildFile; fileRef = 5C27E7FC1ECB301900F5020D /* SDL2 Shims.swift */; };
		5C27E8181ECB301900F5020D /* UIKit+SDL.swift in Sources */ = {isa = PBXBuildFile; fileRef = 5C27E8051ECB301900F5020D /* UIKit+SDL.swift */; };
		5C361E231ECC348700B3F561 /* UIView+SDL.swift in Sources */ = {isa = PBXBuildFile; fileRef = 5C361E221ECC348700B3F561 /* UIView+SDL.swift */; };
		5C3716B61F10050600B2C366 /* Timer.swift in Sources */ = {isa = PBXBuildFile; fileRef = 5C3716B51F10050600B2C366 /* Timer.swift */; };
		5C5AC6DD1F1791D0004A88C0 /* VideoPlayer+Mac.swift in Sources */ = {isa = PBXBuildFile; fileRef = 5C5AC6DC1F1791D0004A88C0 /* VideoPlayer+Mac.swift */; };
		5C6AB7181ED3BECD006F90AC /* Button.swift in Sources */ = {isa = PBXBuildFile; fileRef = 5C6AB7101ED3BECD006F90AC /* Button.swift */; };
		5C6AB7191ED3BECD006F90AC /* CALayer.swift in Sources */ = {isa = PBXBuildFile; fileRef = 5C6AB7111ED3BECD006F90AC /* CALayer.swift */; };
		5C6AB71B1ED3BECD006F90AC /* UIColor.swift in Sources */ = {isa = PBXBuildFile; fileRef = 5C6AB7131ED3BECD006F90AC /* UIColor.swift */; };
		5C6AB71C1ED3BECD006F90AC /* UIImage.swift in Sources */ = {isa = PBXBuildFile; fileRef = 5C6AB7141ED3BECD006F90AC /* UIImage.swift */; };
		5C6AB71D1ED3BECD006F90AC /* UIImageView.swift in Sources */ = {isa = PBXBuildFile; fileRef = 5C6AB7151ED3BECD006F90AC /* UIImageView.swift */; };
		5C6AB71E1ED3BECD006F90AC /* UIView.swift in Sources */ = {isa = PBXBuildFile; fileRef = 5C6AB7161ED3BECD006F90AC /* UIView.swift */; };
		5C6AB71F1ED3BECD006F90AC /* UIWindow.swift in Sources */ = {isa = PBXBuildFile; fileRef = 5C6AB7171ED3BECD006F90AC /* UIWindow.swift */; };
		5C6AB75F1ED575CF006F90AC /* UIScrollView.swift in Sources */ = {isa = PBXBuildFile; fileRef = 5C6AB75E1ED575CF006F90AC /* UIScrollView.swift */; };
		5C6AB7611ED5762A006F90AC /* UIEdgeInsets.swift in Sources */ = {isa = PBXBuildFile; fileRef = 5C6AB7601ED5762A006F90AC /* UIEdgeInsets.swift */; };
		5C6AB7651ED5A0C3006F90AC /* UIEvent.swift in Sources */ = {isa = PBXBuildFile; fileRef = 5C6AB7641ED5A0C3006F90AC /* UIEvent.swift */; };
		5C6AB76B1ED5A648006F90AC /* UIView+animate.swift in Sources */ = {isa = PBXBuildFile; fileRef = 5C6AB76A1ED5A648006F90AC /* UIView+animate.swift */; };
		5C6AB76E1ED5B8DB006F90AC /* UIGestureRecognizer.swift in Sources */ = {isa = PBXBuildFile; fileRef = 5C6AB76D1ED5B8DB006F90AC /* UIGestureRecognizer.swift */; };
		5C6AB7711ED680BC006F90AC /* UIResponder.swift in Sources */ = {isa = PBXBuildFile; fileRef = 5C6AB7701ED680BC006F90AC /* UIResponder.swift */; };
		5C6AB77C1ED70F97006F90AC /* DisplayLink.swift in Sources */ = {isa = PBXBuildFile; fileRef = 5C6AB77B1ED70F97006F90AC /* DisplayLink.swift */; };
		5C6AB77E1ED71867006F90AC /* CATransaction.swift in Sources */ = {isa = PBXBuildFile; fileRef = 5C6AB77D1ED71867006F90AC /* CATransaction.swift */; };
		5C6AB7801EDBDF40006F90AC /* UIViewTests.swift in Sources */ = {isa = PBXBuildFile; fileRef = 5C6AB77F1EDBDF40006F90AC /* UIViewTests.swift */; };
		5C6AB7821EDC18BA006F90AC /* UITouch.swift in Sources */ = {isa = PBXBuildFile; fileRef = 5C6AB7811EDC18BA006F90AC /* UITouch.swift */; };
		5C9037211F137FB70058E592 /* CGRectTests.swift in Sources */ = {isa = PBXBuildFile; fileRef = 5C9037201F137FB70058E592 /* CGRectTests.swift */; };
		5C9037251F138B8A0058E592 /* MeteringView.swift in Sources */ = {isa = PBXBuildFile; fileRef = 5C9037241F138B8A0058E592 /* MeteringView.swift */; };
		5CA995A21EE8182F007D0456 /* UIKit.h in Headers */ = {isa = PBXBuildFile; fileRef = 5C27E7B11ECB2F6500F5020D /* UIKit.h */; settings = {ATTRIBUTES = (Public, ); }; };
		5CADAF7B1F1D147600897FC1 /* AVPlayerLayer+Mac.swift in Sources */ = {isa = PBXBuildFile; fileRef = 5CADAF7A1F1D147600897FC1 /* AVPlayerLayer+Mac.swift */; };
		5CAF2D0C1EE67D69004C6380 /* CABasicAnimation.swift in Sources */ = {isa = PBXBuildFile; fileRef = 5CAF2D0B1EE67D69004C6380 /* CABasicAnimation.swift */; };
		5CAF2D101EE67DA2004C6380 /* CAAction.swift in Sources */ = {isa = PBXBuildFile; fileRef = 5CAF2D0F1EE67DA2004C6380 /* CAAction.swift */; };
		5CDB31B51F1CCA4F0081A605 /* CGDataProvider.swift in Sources */ = {isa = PBXBuildFile; fileRef = 5CDB31B41F1CCA4F0081A605 /* CGDataProvider.swift */; };
		5CDB31B71F1CE8050081A605 /* Bundle.swift in Sources */ = {isa = PBXBuildFile; fileRef = 5CDB31B61F1CE8050081A605 /* Bundle.swift */; };
		5CE5C56F1EDC39E100680154 /* UIPanGestureRecognizer.swift in Sources */ = {isa = PBXBuildFile; fileRef = 5CE5C56E1EDC39E100680154 /* UIPanGestureRecognizer.swift */; };
		5CE5C5711EDC6AA100680154 /* UITapGestureRecognizer.swift in Sources */ = {isa = PBXBuildFile; fileRef = 5CE5C5701EDC6AA100680154 /* UITapGestureRecognizer.swift */; };
		5CE5C5731EDD7C3400680154 /* SDL+TouchHandling.swift in Sources */ = {isa = PBXBuildFile; fileRef = 5CE5C5721EDD7C3400680154 /* SDL+TouchHandling.swift */; };
		5CE5C5781EDDAD8200680154 /* CGRect.swift in Sources */ = {isa = PBXBuildFile; fileRef = 5CE5C5771EDDAD8200680154 /* CGRect.swift */; };
		5CE5C57A1EDDAE5000680154 /* CGPath.swift in Sources */ = {isa = PBXBuildFile; fileRef = 5CE5C5791EDDAE5000680154 /* CGPath.swift */; };
		5CFBD23E1EF8145C00BC9EBB /* FontRenderer.swift in Sources */ = {isa = PBXBuildFile; fileRef = 5CFBD23D1EF8145C00BC9EBB /* FontRenderer.swift */; };
		8318D27B1F0695080029816A /* UIControl.swift in Sources */ = {isa = PBXBuildFile; fileRef = 8318D27A1F0695080029816A /* UIControl.swift */; };
		8323F2801F2FA2EE00C121BB /* TestSetup.swift in Sources */ = {isa = PBXBuildFile; fileRef = 8323F27F1F2FA2EE00C121BB /* TestSetup.swift */; };
		8323F2821F2FA42A00C121BB /* TestSetup.swift in Sources */ = {isa = PBXBuildFile; fileRef = 8323F27F1F2FA2EE00C121BB /* TestSetup.swift */; };
		832A7F021F1632070041916B /* ButtonSizeToFitTests.swift in Sources */ = {isa = PBXBuildFile; fileRef = 832A7F011F1632070041916B /* ButtonSizeToFitTests.swift */; };
		832A7F041F1632250041916B /* ButtonContentAlignmentTests.swift in Sources */ = {isa = PBXBuildFile; fileRef = 832A7F031F1632250041916B /* ButtonContentAlignmentTests.swift */; };
		832A7F0D1F16368D0041916B /* ButtonContentAlignmentTests.swift in Sources */ = {isa = PBXBuildFile; fileRef = 832A7F031F1632250041916B /* ButtonContentAlignmentTests.swift */; };
		832A7F0E1F1636900041916B /* ButtonSizeToFitTests.swift in Sources */ = {isa = PBXBuildFile; fileRef = 832A7F011F1632070041916B /* ButtonSizeToFitTests.swift */; };
		8333B2C01F1D11B800D98662 /* NSAttributedString.swift in Sources */ = {isa = PBXBuildFile; fileRef = 8333B2BF1F1D11B800D98662 /* NSAttributedString.swift */; };
		8337A8131F39F37500475F80 /* UIScreen.swift in Sources */ = {isa = PBXBuildFile; fileRef = 8337A8121F39F37500475F80 /* UIScreen.swift */; };
		8337A8591F3B143400475F80 /* UIActivityIndicatorView.swift in Sources */ = {isa = PBXBuildFile; fileRef = 8337A8581F3B143400475F80 /* UIActivityIndicatorView.swift */; };
		833860B41F0D55BC004DD55E /* ButtonTestsConstants.swift in Sources */ = {isa = PBXBuildFile; fileRef = 83B76ED21F0BCD4C0096736C /* ButtonTestsConstants.swift */; };
		837335901F2F6A4F0012F066 /* ButtonSetTitleColorForStateTests.swift in Sources */ = {isa = PBXBuildFile; fileRef = 8373358F1F2F6A4F0012F066 /* ButtonSetTitleColorForStateTests.swift */; };
		837335921F2F6AC70012F066 /* ButtonSetTitleColorForStateTests.swift in Sources */ = {isa = PBXBuildFile; fileRef = 8373358F1F2F6A4F0012F066 /* ButtonSetTitleColorForStateTests.swift */; };
		8378E17E1F05503600E138BD /* UIVisualEffectView.swift in Sources */ = {isa = PBXBuildFile; fileRef = 8378E17D1F05503600E138BD /* UIVisualEffectView.swift */; };
		838545631F26458100B64986 /* UIVisualEffect.swift in Sources */ = {isa = PBXBuildFile; fileRef = 838545621F26458100B64986 /* UIVisualEffect.swift */; };
		838545721F26536200B64986 /* NSAttributedStringKey.swift in Sources */ = {isa = PBXBuildFile; fileRef = 838545711F26536200B64986 /* NSAttributedStringKey.swift */; };
		83AB7B481F2B504300C7997D /* UIAlertController.swift in Sources */ = {isa = PBXBuildFile; fileRef = 83AB7B471F2B504300C7997D /* UIAlertController.swift */; };
		83AB7B4C1F2B515B00C7997D /* UIAlertAction.swift in Sources */ = {isa = PBXBuildFile; fileRef = 83AB7B4B1F2B515B00C7997D /* UIAlertAction.swift */; };
		83AB7B5A1F2B679600C7997D /* UIPinchGestureRecognizer.swift in Sources */ = {isa = PBXBuildFile; fileRef = 83AB7B591F2B679600C7997D /* UIPinchGestureRecognizer.swift */; };
		83AB7B5C1F2B6A2000C7997D /* UIGestureRecognizerDelegate.swift in Sources */ = {isa = PBXBuildFile; fileRef = 83AB7B5B1F2B6A2000C7997D /* UIGestureRecognizerDelegate.swift */; };
		83B76ED31F0BCD4C0096736C /* ButtonTestsConstants.swift in Sources */ = {isa = PBXBuildFile; fileRef = 83B76ED21F0BCD4C0096736C /* ButtonTestsConstants.swift */; };
		83CC3CD11F275DB600144E85 /* NSRange.swift in Sources */ = {isa = PBXBuildFile; fileRef = 83CC3CD01F275DB600144E85 /* NSRange.swift */; };
		83D961351F2635D5005176DC /* NSMutableAttributedString.swift in Sources */ = {isa = PBXBuildFile; fileRef = 83D961341F2635D5005176DC /* NSMutableAttributedString.swift */; };
		83E5F7EB1EF8156400279C59 /* Texture.swift in Sources */ = {isa = PBXBuildFile; fileRef = 83E5F7EA1EF8156400279C59 /* Texture.swift */; };
		83E5F7ED1EF8157300279C59 /* Window.swift in Sources */ = {isa = PBXBuildFile; fileRef = 83E5F7EC1EF8157300279C59 /* Window.swift */; };
		83E5F7F31EF8188400279C59 /* UILabel.swift in Sources */ = {isa = PBXBuildFile; fileRef = 83E5F7F21EF8188400279C59 /* UILabel.swift */; };
		83E5F7F61EF81AB500279C59 /* UIFont.swift in Sources */ = {isa = PBXBuildFile; fileRef = 83E5F7F51EF81AB500279C59 /* UIFont.swift */; };
		83E5F8151EF8322800279C59 /* CGSize.swift in Sources */ = {isa = PBXBuildFile; fileRef = 83E5F8121EF8316C00279C59 /* CGSize.swift */; };
		83E5F8161EF8322B00279C59 /* CGPoint.swift in Sources */ = {isa = PBXBuildFile; fileRef = 83E5F8101EF8316C00279C59 /* CGPoint.swift */; };
		83E5F8171EF8322E00279C59 /* CGFloat.swift in Sources */ = {isa = PBXBuildFile; fileRef = 83E5F8111EF8316C00279C59 /* CGFloat.swift */; };
		83E5F8181EF8323500279C59 /* CGAffineTransform.swift in Sources */ = {isa = PBXBuildFile; fileRef = 83E5F8141EF831CE00279C59 /* CGAffineTransform.swift */; };
		83F02DAD1F177BDC00347AA8 /* CGRectTests.swift in Sources */ = {isa = PBXBuildFile; fileRef = 5C9037201F137FB70058E592 /* CGRectTests.swift */; };
		83F02DB11F17988F00347AA8 /* Texture+Size.swift in Sources */ = {isa = PBXBuildFile; fileRef = 83F02DB01F17988F00347AA8 /* Texture+Size.swift */; };
		83F02DB41F1798D100347AA8 /* loadCustomFont.swift in Sources */ = {isa = PBXBuildFile; fileRef = 83F02DB21F1798BC00347AA8 /* loadCustomFont.swift */; };
		83F02DB71F1798F200347AA8 /* Button.swift in Sources */ = {isa = PBXBuildFile; fileRef = 83F02DB51F1798ED00347AA8 /* Button.swift */; };
		83F02DB91F1799D200347AA8 /* UIImage+testImage.swift in Sources */ = {isa = PBXBuildFile; fileRef = 83F02DB81F1799D200347AA8 /* UIImage+testImage.swift */; };
		83F02DBA1F179AE800347AA8 /* UIImage+testImage.swift in Sources */ = {isa = PBXBuildFile; fileRef = 83F02DB81F1799D200347AA8 /* UIImage+testImage.swift */; };
		83F02DBD1F179D1A00347AA8 /* ButtonSetTitleForStateTests.swift in Sources */ = {isa = PBXBuildFile; fileRef = 83F02DBC1F179D1A00347AA8 /* ButtonSetTitleForStateTests.swift */; };
		83F02DBE1F179D1A00347AA8 /* ButtonSetTitleForStateTests.swift in Sources */ = {isa = PBXBuildFile; fileRef = 83F02DBC1F179D1A00347AA8 /* ButtonSetTitleForStateTests.swift */; };
		83F02DCB1F18F17600347AA8 /* roboto-black.ttf in Resources */ = {isa = PBXBuildFile; fileRef = 83F02DC31F17D84000347AA8 /* roboto-black.ttf */; };
		83F02DCC1F18F17600347AA8 /* roboto-blackitalic.ttf in Resources */ = {isa = PBXBuildFile; fileRef = 83F02DC81F17D84000347AA8 /* roboto-blackitalic.ttf */; };
		83F02DCD1F18F17600347AA8 /* roboto-bold.ttf in Resources */ = {isa = PBXBuildFile; fileRef = 83F02DC01F17D84000347AA8 /* roboto-bold.ttf */; };
		83F02DCE1F18F17600347AA8 /* roboto-bolditalic.ttf in Resources */ = {isa = PBXBuildFile; fileRef = 83F02DBF1F17D84000347AA8 /* roboto-bolditalic.ttf */; };
		83F02DCF1F18F17600347AA8 /* roboto-italic.ttf in Resources */ = {isa = PBXBuildFile; fileRef = 83F02DC91F17D84000347AA8 /* roboto-italic.ttf */; };
		83F02DD01F18F17600347AA8 /* roboto-light.ttf in Resources */ = {isa = PBXBuildFile; fileRef = 83F02DC71F17D84000347AA8 /* roboto-light.ttf */; };
		83F02DD11F18F17600347AA8 /* roboto-lightitalic.ttf in Resources */ = {isa = PBXBuildFile; fileRef = 83F02DC41F17D84000347AA8 /* roboto-lightitalic.ttf */; };
		83F02DD21F18F17600347AA8 /* roboto-medium.ttf in Resources */ = {isa = PBXBuildFile; fileRef = 83F02DC21F17D84000347AA8 /* roboto-medium.ttf */; };
		83F02DD31F18F17600347AA8 /* roboto-mediumitalic.ttf in Resources */ = {isa = PBXBuildFile; fileRef = 83F02DCA1F17D84000347AA8 /* roboto-mediumitalic.ttf */; };
		83F02DD41F18F17600347AA8 /* roboto-regular.ttf in Resources */ = {isa = PBXBuildFile; fileRef = 83F02DC11F17D84000347AA8 /* roboto-regular.ttf */; };
		83F02DD51F18F17600347AA8 /* roboto-thin.ttf in Resources */ = {isa = PBXBuildFile; fileRef = 83F02DC51F17D84000347AA8 /* roboto-thin.ttf */; };
		83F02DD61F18F17600347AA8 /* roboto-thinitalic.ttf in Resources */ = {isa = PBXBuildFile; fileRef = 83F02DC61F17D84000347AA8 /* roboto-thinitalic.ttf */; };
		83F02DD71F18F18500347AA8 /* roboto-black.ttf in Resources */ = {isa = PBXBuildFile; fileRef = 83F02DC31F17D84000347AA8 /* roboto-black.ttf */; };
		83F02DD81F18F18500347AA8 /* roboto-blackitalic.ttf in Resources */ = {isa = PBXBuildFile; fileRef = 83F02DC81F17D84000347AA8 /* roboto-blackitalic.ttf */; };
		83F02DD91F18F18500347AA8 /* roboto-bold.ttf in Resources */ = {isa = PBXBuildFile; fileRef = 83F02DC01F17D84000347AA8 /* roboto-bold.ttf */; };
		83F02DDA1F18F18500347AA8 /* roboto-bolditalic.ttf in Resources */ = {isa = PBXBuildFile; fileRef = 83F02DBF1F17D84000347AA8 /* roboto-bolditalic.ttf */; };
		83F02DDB1F18F18500347AA8 /* roboto-italic.ttf in Resources */ = {isa = PBXBuildFile; fileRef = 83F02DC91F17D84000347AA8 /* roboto-italic.ttf */; };
		83F02DDC1F18F18500347AA8 /* roboto-light.ttf in Resources */ = {isa = PBXBuildFile; fileRef = 83F02DC71F17D84000347AA8 /* roboto-light.ttf */; };
		83F02DDD1F18F18500347AA8 /* roboto-lightitalic.ttf in Resources */ = {isa = PBXBuildFile; fileRef = 83F02DC41F17D84000347AA8 /* roboto-lightitalic.ttf */; };
		83F02DDE1F18F18500347AA8 /* roboto-medium.ttf in Resources */ = {isa = PBXBuildFile; fileRef = 83F02DC21F17D84000347AA8 /* roboto-medium.ttf */; };
		83F02DDF1F18F18500347AA8 /* roboto-mediumitalic.ttf in Resources */ = {isa = PBXBuildFile; fileRef = 83F02DCA1F17D84000347AA8 /* roboto-mediumitalic.ttf */; };
		83F02DE01F18F18500347AA8 /* roboto-regular.ttf in Resources */ = {isa = PBXBuildFile; fileRef = 83F02DC11F17D84000347AA8 /* roboto-regular.ttf */; };
		83F02DE11F18F18500347AA8 /* roboto-thin.ttf in Resources */ = {isa = PBXBuildFile; fileRef = 83F02DC51F17D84000347AA8 /* roboto-thin.ttf */; };
		83F02DE21F18F18500347AA8 /* roboto-thinitalic.ttf in Resources */ = {isa = PBXBuildFile; fileRef = 83F02DC61F17D84000347AA8 /* roboto-thinitalic.ttf */; };
		83F8D4A21F028E6B008D3262 /* CALayer+SDL.swift in Sources */ = {isa = PBXBuildFile; fileRef = 83F8D4A11F028E6B008D3262 /* CALayer+SDL.swift */; };
/* End PBXBuildFile section */

/* Begin PBXContainerItemProxy section */
		5C2714B41F2B86240026BBA9 /* PBXContainerItemProxy */ = {
			isa = PBXContainerItemProxy;
			containerPortal = 5C1D2F2B1F1E277A0006682E /* JNI.xcodeproj */;
			proxyType = 2;
			remoteGlobalIDString = "JNI::JNI::Product";
			remoteInfo = JNI;
		};
		5C2714B61F2B86240026BBA9 /* PBXContainerItemProxy */ = {
			isa = PBXContainerItemProxy;
			containerPortal = 5C1D2F2B1F1E277A0006682E /* JNI.xcodeproj */;
			proxyType = 2;
			remoteGlobalIDString = "JNI::CJNI::Product";
			remoteInfo = CJNI;
		};
		5C2714DF1F2B9FB90026BBA9 /* PBXContainerItemProxy */ = {
			isa = PBXContainerItemProxy;
			containerPortal = 5C1D2F2B1F1E277A0006682E /* JNI.xcodeproj */;
			proxyType = 1;
			remoteGlobalIDString = "JNI::JNI";
			remoteInfo = JNI;
		};
		5C27E7B91ECB2F6500F5020D /* PBXContainerItemProxy */ = {
			isa = PBXContainerItemProxy;
			containerPortal = 5C27E7A51ECB2F6500F5020D /* Project object */;
			proxyType = 1;
			remoteGlobalIDString = 5C27E7AD1ECB2F6500F5020D;
			remoteInfo = UIKit;
		};
/* End PBXContainerItemProxy section */

/* Begin PBXFileReference section */
		5B0C9DBC1F4EEA5300E553F8 /* CALayer+createNonAnimatingCopy.swift */ = {isa = PBXFileReference; lastKnownFileType = sourcecode.swift; name = "CALayer+createNonAnimatingCopy.swift"; path = "Sources/CALayer+createNonAnimatingCopy.swift"; sourceTree = SOURCE_ROOT; };
		5B1F87041F4C889F0051A1A2 /* CAMediaTimingFunction.swift */ = {isa = PBXFileReference; lastKnownFileType = sourcecode.swift; name = CAMediaTimingFunction.swift; path = Sources/CAMediaTimingFunction.swift; sourceTree = SOURCE_ROOT; };
		5B2D46261F458E5000096D48 /* AnimationLoopState.swift */ = {isa = PBXFileReference; lastKnownFileType = sourcecode.swift; name = AnimationLoopState.swift; path = Sources/AnimationLoopState.swift; sourceTree = SOURCE_ROOT; };
		5B4F43CE1F39C45900FB4AB9 /* CASpringAnimation.swift */ = {isa = PBXFileReference; lastKnownFileType = sourcecode.swift; name = CASpringAnimation.swift; path = Sources/CASpringAnimation.swift; sourceTree = SOURCE_ROOT; };
		5B6AC4561F2F73A90029AC0C /* CALayer+animations.swift */ = {isa = PBXFileReference; lastKnownFileType = sourcecode.swift; name = "CALayer+animations.swift"; path = "Sources/CALayer+animations.swift"; sourceTree = SOURCE_ROOT; };
		5B8053DE1F39EE0E00BAF074 /* UIViewAnimationGroup.swift */ = {isa = PBXFileReference; lastKnownFileType = sourcecode.swift; name = UIViewAnimationGroup.swift; path = Sources/UIViewAnimationGroup.swift; sourceTree = SOURCE_ROOT; };
		5B840BB61F42FCBC0010AC95 /* AnimatableProperty.swift */ = {isa = PBXFileReference; lastKnownFileType = sourcecode.swift; name = AnimatableProperty.swift; path = Sources/AnimatableProperty.swift; sourceTree = SOURCE_ROOT; };
		5BA7B40A1F45A6AD0040CB58 /* CABasicAnimationTests.swift */ = {isa = PBXFileReference; lastKnownFileType = sourcecode.swift; path = CABasicAnimationTests.swift; sourceTree = "<group>"; };
		5BBEECA41F39E7A6006E3416 /* CGRect+animations.swift */ = {isa = PBXFileReference; lastKnownFileType = sourcecode.swift; name = "CGRect+animations.swift"; path = "Sources/CGRect+animations.swift"; sourceTree = SOURCE_ROOT; };
		5BC6F7A71F4B1A3600F9C432 /* Sources/CABasicAnimation+updateProgress.swift */ = {isa = PBXFileReference; lastKnownFileType = sourcecode.swift; path = "Sources/CABasicAnimation+updateProgress.swift"; sourceTree = SOURCE_ROOT; };
		5BD4762D1F4D82070055EE27 /* CAMediaTimingFunctionTests.swift */ = {isa = PBXFileReference; lastKnownFileType = sourcecode.swift; path = CAMediaTimingFunctionTests.swift; sourceTree = "<group>"; };
		5BDE15DF1F3DF703005620AA /* UIViewAnimationTests.swift */ = {isa = PBXFileReference; lastKnownFileType = sourcecode.swift; path = UIViewAnimationTests.swift; sourceTree = "<group>"; };
		5BF666991F472A3400BF698C /* CABasicAnimationPrototype.swift */ = {isa = PBXFileReference; lastKnownFileType = sourcecode.swift; name = CABasicAnimationPrototype.swift; path = Sources/CABasicAnimationPrototype.swift; sourceTree = SOURCE_ROOT; };
		5BF6669F1F4AEC6800BF698C /* CASpringAnimationPrototype.swift */ = {isa = PBXFileReference; lastKnownFileType = sourcecode.swift; name = CASpringAnimationPrototype.swift; path = Sources/CASpringAnimationPrototype.swift; sourceTree = SOURCE_ROOT; };
		5C1D2F2B1F1E277A0006682E /* JNI.xcodeproj */ = {isa = PBXFileReference; lastKnownFileType = "wrapper.pb-project"; name = JNI.xcodeproj; path = "swift-jni/JNI.xcodeproj"; sourceTree = "<group>"; };
		5C1F06AE1F3210F200EFF087 /* UIViewController.swift */ = {isa = PBXFileReference; lastKnownFileType = sourcecode.swift; name = UIViewController.swift; path = Sources/UIViewController.swift; sourceTree = SOURCE_ROOT; };
		5C27E7AE1ECB2F6500F5020D /* UIKit.framework */ = {isa = PBXFileReference; explicitFileType = wrapper.framework; includeInIndex = 0; path = UIKit.framework; sourceTree = BUILT_PRODUCTS_DIR; };
		5C27E7B11ECB2F6500F5020D /* UIKit.h */ = {isa = PBXFileReference; lastKnownFileType = sourcecode.c.h; path = UIKit.h; sourceTree = "<group>"; };
		5C27E7B21ECB2F6500F5020D /* Info.plist */ = {isa = PBXFileReference; lastKnownFileType = text.plist.xml; path = Info.plist; sourceTree = "<group>"; };
		5C27E7B71ECB2F6500F5020D /* UIKitTests.xctest */ = {isa = PBXFileReference; explicitFileType = wrapper.cfbundle; includeInIndex = 0; path = UIKitTests.xctest; sourceTree = BUILT_PRODUCTS_DIR; };
		5C27E7BE1ECB2F6500F5020D /* Info.plist */ = {isa = PBXFileReference; lastKnownFileType = text.plist.xml; path = Info.plist; sourceTree = "<group>"; };
		5C27E7D21ECB2F9100F5020D /* Cocoa.framework */ = {isa = PBXFileReference; lastKnownFileType = wrapper.framework; name = Cocoa.framework; path = System/Library/Frameworks/Cocoa.framework; sourceTree = SDKROOT; };
		5C27E7D31ECB2F9100F5020D /* AudioToolbox.framework */ = {isa = PBXFileReference; lastKnownFileType = wrapper.framework; name = AudioToolbox.framework; path = System/Library/Frameworks/AudioToolbox.framework; sourceTree = SDKROOT; };
		5C27E7D41ECB2F9100F5020D /* ForceFeedback.framework */ = {isa = PBXFileReference; lastKnownFileType = wrapper.framework; name = ForceFeedback.framework; path = System/Library/Frameworks/ForceFeedback.framework; sourceTree = SDKROOT; };
		5C27E7D51ECB2F9100F5020D /* Carbon.framework */ = {isa = PBXFileReference; lastKnownFileType = wrapper.framework; name = Carbon.framework; path = System/Library/Frameworks/Carbon.framework; sourceTree = SDKROOT; };
		5C27E7D61ECB2F9100F5020D /* CoreFoundation.framework */ = {isa = PBXFileReference; lastKnownFileType = wrapper.framework; name = CoreFoundation.framework; path = System/Library/Frameworks/CoreFoundation.framework; sourceTree = SDKROOT; };
		5C27E7D71ECB2F9100F5020D /* IOKit.framework */ = {isa = PBXFileReference; lastKnownFileType = wrapper.framework; name = IOKit.framework; path = System/Library/Frameworks/IOKit.framework; sourceTree = SDKROOT; };
		5C27E7D81ECB2F9100F5020D /* CoreVideo.framework */ = {isa = PBXFileReference; lastKnownFileType = wrapper.framework; name = CoreVideo.framework; path = System/Library/Frameworks/CoreVideo.framework; sourceTree = SDKROOT; };
		5C27E7D91ECB2F9100F5020D /* CoreAudio.framework */ = {isa = PBXFileReference; lastKnownFileType = wrapper.framework; name = CoreAudio.framework; path = System/Library/Frameworks/CoreAudio.framework; sourceTree = SDKROOT; };
		5C27E7DA1ECB2F9100F5020D /* ApplicationServices.framework */ = {isa = PBXFileReference; lastKnownFileType = wrapper.framework; name = ApplicationServices.framework; path = System/Library/Frameworks/ApplicationServices.framework; sourceTree = SDKROOT; };
		5C27E7DB1ECB2F9100F5020D /* Foundation.framework */ = {isa = PBXFileReference; lastKnownFileType = wrapper.framework; name = Foundation.framework; path = System/Library/Frameworks/Foundation.framework; sourceTree = SDKROOT; };
		5C27E7FC1ECB301900F5020D /* SDL2 Shims.swift */ = {isa = PBXFileReference; fileEncoding = 4; lastKnownFileType = sourcecode.swift; path = "SDL2 Shims.swift"; sourceTree = "<group>"; };
		5C27E8051ECB301900F5020D /* UIKit+SDL.swift */ = {isa = PBXFileReference; fileEncoding = 4; lastKnownFileType = sourcecode.swift; path = "UIKit+SDL.swift"; sourceTree = "<group>"; };
		5C361E221ECC348700B3F561 /* UIView+SDL.swift */ = {isa = PBXFileReference; fileEncoding = 4; lastKnownFileType = sourcecode.swift; path = "UIView+SDL.swift"; sourceTree = "<group>"; };
		5C3716B51F10050600B2C366 /* Timer.swift */ = {isa = PBXFileReference; lastKnownFileType = sourcecode.swift; path = Timer.swift; sourceTree = "<group>"; };
		5C391A8E1F13F62500EE012C /* VideoPlayer+Dummy.swift */ = {isa = PBXFileReference; lastKnownFileType = sourcecode.swift; name = "VideoPlayer+Dummy.swift"; path = "Sources/VideoPlayer+Dummy.swift"; sourceTree = SOURCE_ROOT; };
		5C5AC6DC1F1791D0004A88C0 /* VideoPlayer+Mac.swift */ = {isa = PBXFileReference; lastKnownFileType = sourcecode.swift; name = "VideoPlayer+Mac.swift"; path = "Sources/VideoPlayer+Mac.swift"; sourceTree = SOURCE_ROOT; };
		5C6AB7101ED3BECD006F90AC /* Button.swift */ = {isa = PBXFileReference; fileEncoding = 4; lastKnownFileType = sourcecode.swift; name = Button.swift; path = Sources/Button.swift; sourceTree = SOURCE_ROOT; };
		5C6AB7111ED3BECD006F90AC /* CALayer.swift */ = {isa = PBXFileReference; fileEncoding = 4; lastKnownFileType = sourcecode.swift; name = CALayer.swift; path = Sources/CALayer.swift; sourceTree = SOURCE_ROOT; };
		5C6AB7131ED3BECD006F90AC /* UIColor.swift */ = {isa = PBXFileReference; fileEncoding = 4; lastKnownFileType = sourcecode.swift; name = UIColor.swift; path = Sources/UIColor.swift; sourceTree = SOURCE_ROOT; };
		5C6AB7141ED3BECD006F90AC /* UIImage.swift */ = {isa = PBXFileReference; fileEncoding = 4; lastKnownFileType = sourcecode.swift; name = UIImage.swift; path = Sources/UIImage.swift; sourceTree = SOURCE_ROOT; };
		5C6AB7151ED3BECD006F90AC /* UIImageView.swift */ = {isa = PBXFileReference; fileEncoding = 4; lastKnownFileType = sourcecode.swift; name = UIImageView.swift; path = Sources/UIImageView.swift; sourceTree = SOURCE_ROOT; };
		5C6AB7161ED3BECD006F90AC /* UIView.swift */ = {isa = PBXFileReference; fileEncoding = 4; lastKnownFileType = sourcecode.swift; name = UIView.swift; path = Sources/UIView.swift; sourceTree = SOURCE_ROOT; };
		5C6AB7171ED3BECD006F90AC /* UIWindow.swift */ = {isa = PBXFileReference; fileEncoding = 4; lastKnownFileType = sourcecode.swift; name = UIWindow.swift; path = Sources/UIWindow.swift; sourceTree = SOURCE_ROOT; };
		5C6AB75E1ED575CF006F90AC /* UIScrollView.swift */ = {isa = PBXFileReference; fileEncoding = 4; lastKnownFileType = sourcecode.swift; name = UIScrollView.swift; path = Sources/UIScrollView.swift; sourceTree = SOURCE_ROOT; };
		5C6AB7601ED5762A006F90AC /* UIEdgeInsets.swift */ = {isa = PBXFileReference; fileEncoding = 4; lastKnownFileType = sourcecode.swift; name = UIEdgeInsets.swift; path = Sources/UIEdgeInsets.swift; sourceTree = SOURCE_ROOT; };
		5C6AB7641ED5A0C3006F90AC /* UIEvent.swift */ = {isa = PBXFileReference; fileEncoding = 4; lastKnownFileType = sourcecode.swift; name = UIEvent.swift; path = Sources/UIEvent.swift; sourceTree = SOURCE_ROOT; };
		5C6AB76A1ED5A648006F90AC /* UIView+animate.swift */ = {isa = PBXFileReference; fileEncoding = 4; lastKnownFileType = sourcecode.swift; name = "UIView+animate.swift"; path = "Sources/UIView+animate.swift"; sourceTree = SOURCE_ROOT; };
		5C6AB76D1ED5B8DB006F90AC /* UIGestureRecognizer.swift */ = {isa = PBXFileReference; fileEncoding = 4; lastKnownFileType = sourcecode.swift; name = UIGestureRecognizer.swift; path = Sources/UIGestureRecognizer.swift; sourceTree = SOURCE_ROOT; };
		5C6AB7701ED680BC006F90AC /* UIResponder.swift */ = {isa = PBXFileReference; fileEncoding = 4; lastKnownFileType = sourcecode.swift; name = UIResponder.swift; path = Sources/UIResponder.swift; sourceTree = SOURCE_ROOT; };
		5C6AB77B1ED70F97006F90AC /* DisplayLink.swift */ = {isa = PBXFileReference; fileEncoding = 4; lastKnownFileType = sourcecode.swift; name = DisplayLink.swift; path = Sources/DisplayLink.swift; sourceTree = SOURCE_ROOT; };
		5C6AB77D1ED71867006F90AC /* CATransaction.swift */ = {isa = PBXFileReference; fileEncoding = 4; lastKnownFileType = sourcecode.swift; name = CATransaction.swift; path = Sources/CATransaction.swift; sourceTree = SOURCE_ROOT; };
		5C6AB77F1EDBDF40006F90AC /* UIViewTests.swift */ = {isa = PBXFileReference; fileEncoding = 4; lastKnownFileType = sourcecode.swift; path = UIViewTests.swift; sourceTree = "<group>"; };
		5C6AB7811EDC18BA006F90AC /* UITouch.swift */ = {isa = PBXFileReference; fileEncoding = 4; lastKnownFileType = sourcecode.swift; name = UITouch.swift; path = Sources/UITouch.swift; sourceTree = SOURCE_ROOT; };
		5C9037201F137FB70058E592 /* CGRectTests.swift */ = {isa = PBXFileReference; lastKnownFileType = sourcecode.swift; path = CGRectTests.swift; sourceTree = "<group>"; };
		5C9037241F138B8A0058E592 /* MeteringView.swift */ = {isa = PBXFileReference; lastKnownFileType = sourcecode.swift; name = MeteringView.swift; path = Sources/MeteringView.swift; sourceTree = SOURCE_ROOT; };
		5CADAF7A1F1D147600897FC1 /* AVPlayerLayer+Mac.swift */ = {isa = PBXFileReference; lastKnownFileType = sourcecode.swift; name = "AVPlayerLayer+Mac.swift"; path = "Sources/AVPlayerLayer+Mac.swift"; sourceTree = SOURCE_ROOT; };
		5CAF2D0B1EE67D69004C6380 /* CABasicAnimation.swift */ = {isa = PBXFileReference; fileEncoding = 4; lastKnownFileType = sourcecode.swift; name = CABasicAnimation.swift; path = Sources/CABasicAnimation.swift; sourceTree = SOURCE_ROOT; };
		5CAF2D0F1EE67DA2004C6380 /* CAAction.swift */ = {isa = PBXFileReference; fileEncoding = 4; lastKnownFileType = sourcecode.swift; name = CAAction.swift; path = Sources/CAAction.swift; sourceTree = SOURCE_ROOT; };
		5CAF2D1D1EE6FD29004C6380 /* Logging.swift */ = {isa = PBXFileReference; fileEncoding = 4; lastKnownFileType = sourcecode.swift; path = Logging.swift; sourceTree = "<group>"; };
		5CDB31B41F1CCA4F0081A605 /* CGDataProvider.swift */ = {isa = PBXFileReference; lastKnownFileType = sourcecode.swift; path = CGDataProvider.swift; sourceTree = "<group>"; };
		5CDB31B61F1CE8050081A605 /* Bundle.swift */ = {isa = PBXFileReference; lastKnownFileType = sourcecode.swift; path = Bundle.swift; sourceTree = "<group>"; };
		5CE5C56E1EDC39E100680154 /* UIPanGestureRecognizer.swift */ = {isa = PBXFileReference; fileEncoding = 4; lastKnownFileType = sourcecode.swift; name = UIPanGestureRecognizer.swift; path = Sources/UIPanGestureRecognizer.swift; sourceTree = SOURCE_ROOT; };
		5CE5C5701EDC6AA100680154 /* UITapGestureRecognizer.swift */ = {isa = PBXFileReference; fileEncoding = 4; lastKnownFileType = sourcecode.swift; name = UITapGestureRecognizer.swift; path = Sources/UITapGestureRecognizer.swift; sourceTree = SOURCE_ROOT; };
		5CE5C5721EDD7C3400680154 /* SDL+TouchHandling.swift */ = {isa = PBXFileReference; fileEncoding = 4; lastKnownFileType = sourcecode.swift; path = "SDL+TouchHandling.swift"; sourceTree = "<group>"; };
		5CE5C5771EDDAD8200680154 /* CGRect.swift */ = {isa = PBXFileReference; fileEncoding = 4; lastKnownFileType = sourcecode.swift; name = CGRect.swift; path = Sources/CGRect.swift; sourceTree = SOURCE_ROOT; };
		5CE5C5791EDDAE5000680154 /* CGPath.swift */ = {isa = PBXFileReference; fileEncoding = 4; lastKnownFileType = sourcecode.swift; name = CGPath.swift; path = Sources/CGPath.swift; sourceTree = SOURCE_ROOT; };
		5CFBD23D1EF8145C00BC9EBB /* FontRenderer.swift */ = {isa = PBXFileReference; lastKnownFileType = sourcecode.swift; path = FontRenderer.swift; sourceTree = "<group>"; };
		8318D27A1F0695080029816A /* UIControl.swift */ = {isa = PBXFileReference; lastKnownFileType = sourcecode.swift; name = UIControl.swift; path = ../Sources/UIControl.swift; sourceTree = "<group>"; };
		8323F27F1F2FA2EE00C121BB /* TestSetup.swift */ = {isa = PBXFileReference; lastKnownFileType = sourcecode.swift; path = TestSetup.swift; sourceTree = "<group>"; };
		832A7F011F1632070041916B /* ButtonSizeToFitTests.swift */ = {isa = PBXFileReference; lastKnownFileType = sourcecode.swift; path = ButtonSizeToFitTests.swift; sourceTree = "<group>"; };
		832A7F031F1632250041916B /* ButtonContentAlignmentTests.swift */ = {isa = PBXFileReference; lastKnownFileType = sourcecode.swift; path = ButtonContentAlignmentTests.swift; sourceTree = "<group>"; };
		8333B2BF1F1D11B800D98662 /* NSAttributedString.swift */ = {isa = PBXFileReference; lastKnownFileType = sourcecode.swift; name = NSAttributedString.swift; path = Sources/NSAttributedString.swift; sourceTree = SOURCE_ROOT; };
		8337A8121F39F37500475F80 /* UIScreen.swift */ = {isa = PBXFileReference; lastKnownFileType = sourcecode.swift; name = UIScreen.swift; path = Sources/UIScreen.swift; sourceTree = SOURCE_ROOT; };
		8337A8581F3B143400475F80 /* UIActivityIndicatorView.swift */ = {isa = PBXFileReference; lastKnownFileType = sourcecode.swift; name = UIActivityIndicatorView.swift; path = Sources/UIActivityIndicatorView.swift; sourceTree = SOURCE_ROOT; };
		833860AC1F0D55B3004DD55E /* iOSTestTarget.xctest */ = {isa = PBXFileReference; explicitFileType = wrapper.cfbundle; includeInIndex = 0; path = iOSTestTarget.xctest; sourceTree = BUILT_PRODUCTS_DIR; };
		833860B01F0D55B3004DD55E /* Info.plist */ = {isa = PBXFileReference; lastKnownFileType = text.plist.xml; path = Info.plist; sourceTree = "<group>"; };
		8373358F1F2F6A4F0012F066 /* ButtonSetTitleColorForStateTests.swift */ = {isa = PBXFileReference; lastKnownFileType = sourcecode.swift; path = ButtonSetTitleColorForStateTests.swift; sourceTree = "<group>"; };
		8378E17D1F05503600E138BD /* UIVisualEffectView.swift */ = {isa = PBXFileReference; lastKnownFileType = sourcecode.swift; name = UIVisualEffectView.swift; path = ../Sources/UIVisualEffectView.swift; sourceTree = "<group>"; };
		838545621F26458100B64986 /* UIVisualEffect.swift */ = {isa = PBXFileReference; lastKnownFileType = sourcecode.swift; name = UIVisualEffect.swift; path = Sources/UIVisualEffect.swift; sourceTree = SOURCE_ROOT; };
		838545711F26536200B64986 /* NSAttributedStringKey.swift */ = {isa = PBXFileReference; lastKnownFileType = sourcecode.swift; name = NSAttributedStringKey.swift; path = Sources/NSAttributedStringKey.swift; sourceTree = SOURCE_ROOT; };
		83AB7B471F2B504300C7997D /* UIAlertController.swift */ = {isa = PBXFileReference; lastKnownFileType = sourcecode.swift; name = UIAlertController.swift; path = Sources/UIAlertController.swift; sourceTree = SOURCE_ROOT; };
		83AB7B4B1F2B515B00C7997D /* UIAlertAction.swift */ = {isa = PBXFileReference; lastKnownFileType = sourcecode.swift; name = UIAlertAction.swift; path = Sources/UIAlertAction.swift; sourceTree = SOURCE_ROOT; };
		83AB7B591F2B679600C7997D /* UIPinchGestureRecognizer.swift */ = {isa = PBXFileReference; lastKnownFileType = sourcecode.swift; name = UIPinchGestureRecognizer.swift; path = Sources/UIPinchGestureRecognizer.swift; sourceTree = SOURCE_ROOT; };
		83AB7B5B1F2B6A2000C7997D /* UIGestureRecognizerDelegate.swift */ = {isa = PBXFileReference; lastKnownFileType = sourcecode.swift; name = UIGestureRecognizerDelegate.swift; path = Sources/UIGestureRecognizerDelegate.swift; sourceTree = SOURCE_ROOT; };
		83B76ED21F0BCD4C0096736C /* ButtonTestsConstants.swift */ = {isa = PBXFileReference; lastKnownFileType = sourcecode.swift; path = ButtonTestsConstants.swift; sourceTree = "<group>"; };
		83CC3CD01F275DB600144E85 /* NSRange.swift */ = {isa = PBXFileReference; lastKnownFileType = sourcecode.swift; name = NSRange.swift; path = Sources/NSRange.swift; sourceTree = SOURCE_ROOT; };
		83D961341F2635D5005176DC /* NSMutableAttributedString.swift */ = {isa = PBXFileReference; lastKnownFileType = sourcecode.swift; name = NSMutableAttributedString.swift; path = ../Sources/NSMutableAttributedString.swift; sourceTree = "<group>"; };
		83E5F7EA1EF8156400279C59 /* Texture.swift */ = {isa = PBXFileReference; lastKnownFileType = sourcecode.swift; path = Texture.swift; sourceTree = "<group>"; };
		83E5F7EC1EF8157300279C59 /* Window.swift */ = {isa = PBXFileReference; lastKnownFileType = sourcecode.swift; path = Window.swift; sourceTree = "<group>"; };
		83E5F7F21EF8188400279C59 /* UILabel.swift */ = {isa = PBXFileReference; lastKnownFileType = sourcecode.swift; name = UILabel.swift; path = Sources/UILabel.swift; sourceTree = SOURCE_ROOT; };
		83E5F7F51EF81AB500279C59 /* UIFont.swift */ = {isa = PBXFileReference; lastKnownFileType = sourcecode.swift; name = UIFont.swift; path = Sources/UIFont.swift; sourceTree = SOURCE_ROOT; };
		83E5F8101EF8316C00279C59 /* CGPoint.swift */ = {isa = PBXFileReference; lastKnownFileType = sourcecode.swift; name = CGPoint.swift; path = Sources/CGPoint.swift; sourceTree = SOURCE_ROOT; };
		83E5F8111EF8316C00279C59 /* CGFloat.swift */ = {isa = PBXFileReference; lastKnownFileType = sourcecode.swift; name = CGFloat.swift; path = Sources/CGFloat.swift; sourceTree = SOURCE_ROOT; };
		83E5F8121EF8316C00279C59 /* CGSize.swift */ = {isa = PBXFileReference; lastKnownFileType = sourcecode.swift; name = CGSize.swift; path = Sources/CGSize.swift; sourceTree = SOURCE_ROOT; };
		83E5F8141EF831CE00279C59 /* CGAffineTransform.swift */ = {isa = PBXFileReference; lastKnownFileType = sourcecode.swift; name = CGAffineTransform.swift; path = Sources/CGAffineTransform.swift; sourceTree = SOURCE_ROOT; };
		83F02DB01F17988F00347AA8 /* Texture+Size.swift */ = {isa = PBXFileReference; lastKnownFileType = sourcecode.swift; path = "Texture+Size.swift"; sourceTree = "<group>"; };
		83F02DB21F1798BC00347AA8 /* loadCustomFont.swift */ = {isa = PBXFileReference; lastKnownFileType = sourcecode.swift; path = loadCustomFont.swift; sourceTree = "<group>"; };
		83F02DB51F1798ED00347AA8 /* Button.swift */ = {isa = PBXFileReference; lastKnownFileType = sourcecode.swift; path = Button.swift; sourceTree = "<group>"; };
		83F02DB81F1799D200347AA8 /* UIImage+testImage.swift */ = {isa = PBXFileReference; lastKnownFileType = sourcecode.swift; path = "UIImage+testImage.swift"; sourceTree = "<group>"; };
		83F02DBC1F179D1A00347AA8 /* ButtonSetTitleForStateTests.swift */ = {isa = PBXFileReference; lastKnownFileType = sourcecode.swift; path = ButtonSetTitleForStateTests.swift; sourceTree = "<group>"; };
		83F02DBF1F17D84000347AA8 /* roboto-bolditalic.ttf */ = {isa = PBXFileReference; lastKnownFileType = file; path = "roboto-bolditalic.ttf"; sourceTree = "<group>"; };
		83F02DC01F17D84000347AA8 /* roboto-bold.ttf */ = {isa = PBXFileReference; lastKnownFileType = file; path = "roboto-bold.ttf"; sourceTree = "<group>"; };
		83F02DC11F17D84000347AA8 /* roboto-regular.ttf */ = {isa = PBXFileReference; lastKnownFileType = file; path = "roboto-regular.ttf"; sourceTree = "<group>"; };
		83F02DC21F17D84000347AA8 /* roboto-medium.ttf */ = {isa = PBXFileReference; lastKnownFileType = file; path = "roboto-medium.ttf"; sourceTree = "<group>"; };
		83F02DC31F17D84000347AA8 /* roboto-black.ttf */ = {isa = PBXFileReference; lastKnownFileType = file; path = "roboto-black.ttf"; sourceTree = "<group>"; };
		83F02DC41F17D84000347AA8 /* roboto-lightitalic.ttf */ = {isa = PBXFileReference; lastKnownFileType = file; path = "roboto-lightitalic.ttf"; sourceTree = "<group>"; };
		83F02DC51F17D84000347AA8 /* roboto-thin.ttf */ = {isa = PBXFileReference; lastKnownFileType = file; path = "roboto-thin.ttf"; sourceTree = "<group>"; };
		83F02DC61F17D84000347AA8 /* roboto-thinitalic.ttf */ = {isa = PBXFileReference; lastKnownFileType = file; path = "roboto-thinitalic.ttf"; sourceTree = "<group>"; };
		83F02DC71F17D84000347AA8 /* roboto-light.ttf */ = {isa = PBXFileReference; lastKnownFileType = file; path = "roboto-light.ttf"; sourceTree = "<group>"; };
		83F02DC81F17D84000347AA8 /* roboto-blackitalic.ttf */ = {isa = PBXFileReference; lastKnownFileType = file; path = "roboto-blackitalic.ttf"; sourceTree = "<group>"; };
		83F02DC91F17D84000347AA8 /* roboto-italic.ttf */ = {isa = PBXFileReference; lastKnownFileType = file; path = "roboto-italic.ttf"; sourceTree = "<group>"; };
		83F02DCA1F17D84000347AA8 /* roboto-mediumitalic.ttf */ = {isa = PBXFileReference; lastKnownFileType = file; path = "roboto-mediumitalic.ttf"; sourceTree = "<group>"; };
		83F8D4A11F028E6B008D3262 /* CALayer+SDL.swift */ = {isa = PBXFileReference; lastKnownFileType = sourcecode.swift; path = "CALayer+SDL.swift"; sourceTree = "<group>"; };
/* End PBXFileReference section */

/* Begin PBXFrameworksBuildPhase section */
		5C27E7AA1ECB2F6500F5020D /* Frameworks */ = {
			isa = PBXFrameworksBuildPhase;
			buildActionMask = 2147483647;
			files = (
				5C27E7DC1ECB2F9100F5020D /* Cocoa.framework in Frameworks */,
				5C27E7DD1ECB2F9100F5020D /* AudioToolbox.framework in Frameworks */,
				5C27E7DE1ECB2F9100F5020D /* ForceFeedback.framework in Frameworks */,
				5C27E7DF1ECB2F9100F5020D /* Carbon.framework in Frameworks */,
				5C27E7E01ECB2F9100F5020D /* CoreFoundation.framework in Frameworks */,
				5C27E7E11ECB2F9100F5020D /* IOKit.framework in Frameworks */,
				5C27E7E21ECB2F9100F5020D /* CoreVideo.framework in Frameworks */,
				5C27E7E31ECB2F9100F5020D /* CoreAudio.framework in Frameworks */,
				5C27E7E41ECB2F9100F5020D /* ApplicationServices.framework in Frameworks */,
				5C27E7E51ECB2F9100F5020D /* Foundation.framework in Frameworks */,
			);
			runOnlyForDeploymentPostprocessing = 0;
		};
		5C27E7B41ECB2F6500F5020D /* Frameworks */ = {
			isa = PBXFrameworksBuildPhase;
			buildActionMask = 2147483647;
			files = (
				5C27E7B81ECB2F6500F5020D /* UIKit.framework in Frameworks */,
			);
			runOnlyForDeploymentPostprocessing = 0;
		};
		833860A91F0D55B3004DD55E /* Frameworks */ = {
			isa = PBXFrameworksBuildPhase;
			buildActionMask = 2147483647;
			files = (
			);
			runOnlyForDeploymentPostprocessing = 0;
		};
/* End PBXFrameworksBuildPhase section */

/* Begin PBXGroup section */
		5BA7B40D1F45A6C30040CB58 /* Animations */ = {
			isa = PBXGroup;
			children = (
				5BDE15DF1F3DF703005620AA /* UIViewAnimationTests.swift */,
				5BA7B40A1F45A6AD0040CB58 /* CABasicAnimationTests.swift */,
				5BD4762D1F4D82070055EE27 /* CAMediaTimingFunctionTests.swift */,
			);
			path = Animations;
			sourceTree = "<group>";
		};
		5BBEECA21F39E770006E3416 /* Animations */ = {
			isa = PBXGroup;
			children = (
				5B1F87041F4C889F0051A1A2 /* CAMediaTimingFunction.swift */,
				5BF666991F472A3400BF698C /* CABasicAnimationPrototype.swift */,
				5BF6669F1F4AEC6800BF698C /* CASpringAnimationPrototype.swift */,
				5B840BB61F42FCBC0010AC95 /* AnimatableProperty.swift */,
				5CAF2D0B1EE67D69004C6380 /* CABasicAnimation.swift */,
				5BC6F7A71F4B1A3600F9C432 /* Sources/CABasicAnimation+updateProgress.swift */,
				5B4F43CE1F39C45900FB4AB9 /* CASpringAnimation.swift */,
				5B6AC4561F2F73A90029AC0C /* CALayer+animations.swift */,
				5B0C9DBC1F4EEA5300E553F8 /* CALayer+createNonAnimatingCopy.swift */,
				5BBEECA41F39E7A6006E3416 /* CGRect+animations.swift */,
				5B8053DE1F39EE0E00BAF074 /* UIViewAnimationGroup.swift */,
				5B2D46261F458E5000096D48 /* AnimationLoopState.swift */,
			);
			name = Animations;
			sourceTree = "<group>";
		};
		5C2714B01F2B86240026BBA9 /* Products */ = {
			isa = PBXGroup;
			children = (
				5C2714B51F2B86240026BBA9 /* JNI.framework */,
				5C2714B71F2B86240026BBA9 /* CJNI.framework */,
			);
			name = Products;
			sourceTree = "<group>";
		};
		5C27E7A41ECB2F6500F5020D = {
			isa = PBXGroup;
			children = (
				5C1D2F2B1F1E277A0006682E /* JNI.xcodeproj */,
				833860AD1F0D55B3004DD55E /* iOSTestTarget */,
				5C27E7D11ECB2F9100F5020D /* Frameworks */,
				5C27E7AF1ECB2F6500F5020D /* Products */,
				5C27E7F51ECB301900F5020D /* SDL */,
				5C27E7B01ECB2F6500F5020D /* UIKit */,
				5C27E7BB1ECB2F6500F5020D /* UIKitTests */,
				83C18F391F0FB486008FEA07 /* Resources */,
				5C27E7E61ECB2FE000F5020D /* zSupporting Files */,
			);
			sourceTree = "<group>";
		};
		5C27E7AF1ECB2F6500F5020D /* Products */ = {
			isa = PBXGroup;
			children = (
				5C27E7AE1ECB2F6500F5020D /* UIKit.framework */,
				5C27E7B71ECB2F6500F5020D /* UIKitTests.xctest */,
				833860AC1F0D55B3004DD55E /* iOSTestTarget.xctest */,
			);
			name = Products;
			sourceTree = "<group>";
		};
		5C27E7B01ECB2F6500F5020D /* UIKit */ = {
			isa = PBXGroup;
			children = (
				83E5F7FF1EF826CC00279C59 /* Geometry */,
				5CADAF7A1F1D147600897FC1 /* AVPlayerLayer+Mac.swift */,
				5C6AB7101ED3BECD006F90AC /* Button.swift */,
				5CAF2D0F1EE67DA2004C6380 /* CAAction.swift */,
				5BBEECA21F39E770006E3416 /* Animations */,
				5C6AB7111ED3BECD006F90AC /* CALayer.swift */,
				5C6AB77D1ED71867006F90AC /* CATransaction.swift */,
				83E5F8141EF831CE00279C59 /* CGAffineTransform.swift */,
				5C6AB77B1ED70F97006F90AC /* DisplayLink.swift */,
				5C9037241F138B8A0058E592 /* MeteringView.swift */,
				8333B2BF1F1D11B800D98662 /* NSAttributedString.swift */,
				838545711F26536200B64986 /* NSAttributedStringKey.swift */,
				83D961341F2635D5005176DC /* NSMutableAttributedString.swift */,
				83CC3CD01F275DB600144E85 /* NSRange.swift */,
				83AB7B4B1F2B515B00C7997D /* UIAlertAction.swift */,
				83AB7B471F2B504300C7997D /* UIAlertController.swift */,
				5C6AB7131ED3BECD006F90AC /* UIColor.swift */,
				8318D27A1F0695080029816A /* UIControl.swift */,
				5C6AB7601ED5762A006F90AC /* UIEdgeInsets.swift */,
				5C6AB7641ED5A0C3006F90AC /* UIEvent.swift */,
				83E5F7F51EF81AB500279C59 /* UIFont.swift */,
				5C6AB76D1ED5B8DB006F90AC /* UIGestureRecognizer.swift */,
				83AB7B5B1F2B6A2000C7997D /* UIGestureRecognizerDelegate.swift */,
				5C6AB7141ED3BECD006F90AC /* UIImage.swift */,
				5C6AB7151ED3BECD006F90AC /* UIImageView.swift */,
				83E5F7F21EF8188400279C59 /* UILabel.swift */,
				5CE5C56E1EDC39E100680154 /* UIPanGestureRecognizer.swift */,
				83AB7B591F2B679600C7997D /* UIPinchGestureRecognizer.swift */,
				5C6AB7701ED680BC006F90AC /* UIResponder.swift */,
				5C6AB75E1ED575CF006F90AC /* UIScrollView.swift */,
				5CE5C5701EDC6AA100680154 /* UITapGestureRecognizer.swift */,
				5C6AB7811EDC18BA006F90AC /* UITouch.swift */,
				5C6AB7161ED3BECD006F90AC /* UIView.swift */,
				5C6AB76A1ED5A648006F90AC /* UIView+animate.swift */,
				5C1F06AE1F3210F200EFF087 /* UIViewController.swift */,
				838545621F26458100B64986 /* UIVisualEffect.swift */,
				8378E17D1F05503600E138BD /* UIVisualEffectView.swift */,
				5C6AB7171ED3BECD006F90AC /* UIWindow.swift */,
				5C391A8E1F13F62500EE012C /* VideoPlayer+Dummy.swift */,
				5C5AC6DC1F1791D0004A88C0 /* VideoPlayer+Mac.swift */,
				8337A8121F39F37500475F80 /* UIScreen.swift */,
				8337A8581F3B143400475F80 /* UIActivityIndicatorView.swift */,
			);
			path = UIKit;
			sourceTree = "<group>";
		};
		5C27E7BB1ECB2F6500F5020D /* UIKitTests */ = {
			isa = PBXGroup;
			children = (
				83F02DBB1F179B0300347AA8 /* Button */,
				5BA7B40D1F45A6C30040CB58 /* Animations */,
				5C9037201F137FB70058E592 /* CGRectTests.swift */,
				5C27E7BE1ECB2F6500F5020D /* Info.plist */,
				83F02DB21F1798BC00347AA8 /* loadCustomFont.swift */,
				83F02DB01F17988F00347AA8 /* Texture+Size.swift */,
				83F02DB81F1799D200347AA8 /* UIImage+testImage.swift */,
				5C6AB77F1EDBDF40006F90AC /* UIViewTests.swift */,
				8323F27F1F2FA2EE00C121BB /* TestSetup.swift */,
			);
			path = UIKitTests;
			sourceTree = "<group>";
		};
		5C27E7D11ECB2F9100F5020D /* Frameworks */ = {
			isa = PBXGroup;
			children = (
				5C27E7D21ECB2F9100F5020D /* Cocoa.framework */,
				5C27E7D31ECB2F9100F5020D /* AudioToolbox.framework */,
				5C27E7D41ECB2F9100F5020D /* ForceFeedback.framework */,
				5C27E7D51ECB2F9100F5020D /* Carbon.framework */,
				5C27E7D61ECB2F9100F5020D /* CoreFoundation.framework */,
				5C27E7D71ECB2F9100F5020D /* IOKit.framework */,
				5C27E7D81ECB2F9100F5020D /* CoreVideo.framework */,
				5C27E7D91ECB2F9100F5020D /* CoreAudio.framework */,
				5C27E7DA1ECB2F9100F5020D /* ApplicationServices.framework */,
				5C27E7DB1ECB2F9100F5020D /* Foundation.framework */,
			);
			name = Frameworks;
			sourceTree = "<group>";
		};
		5C27E7E61ECB2FE000F5020D /* zSupporting Files */ = {
			isa = PBXGroup;
			children = (
				5C27E7B11ECB2F6500F5020D /* UIKit.h */,
				5C27E7B21ECB2F6500F5020D /* Info.plist */,
			);
			name = "zSupporting Files";
			path = UIKit;
			sourceTree = "<group>";
		};
		5C27E7F51ECB301900F5020D /* SDL */ = {
			isa = PBXGroup;
			children = (
				83F8D4A11F028E6B008D3262 /* CALayer+SDL.swift */,
				5CDB31B41F1CCA4F0081A605 /* CGDataProvider.swift */,
				5CFBD23D1EF8145C00BC9EBB /* FontRenderer.swift */,
				5CAF2D1D1EE6FD29004C6380 /* Logging.swift */,
				5CE5C5721EDD7C3400680154 /* SDL+TouchHandling.swift */,
				5C27E7FC1ECB301900F5020D /* SDL2 Shims.swift */,
				83E5F7EA1EF8156400279C59 /* Texture.swift */,
				5C3716B51F10050600B2C366 /* Timer.swift */,
				5C27E8051ECB301900F5020D /* UIKit+SDL.swift */,
				5C361E221ECC348700B3F561 /* UIView+SDL.swift */,
				83E5F7EC1EF8157300279C59 /* Window.swift */,
				5CDB31B61F1CE8050081A605 /* Bundle.swift */,
			);
			name = SDL;
			path = Sources;
			sourceTree = "<group>";
		};
		833860AD1F0D55B3004DD55E /* iOSTestTarget */ = {
			isa = PBXGroup;
			children = (
				833860B01F0D55B3004DD55E /* Info.plist */,
			);
			path = iOSTestTarget;
			sourceTree = "<group>";
		};
		83C18F391F0FB486008FEA07 /* Resources */ = {
			isa = PBXGroup;
			children = (
				83F02DC31F17D84000347AA8 /* roboto-black.ttf */,
				83F02DC81F17D84000347AA8 /* roboto-blackitalic.ttf */,
				83F02DC01F17D84000347AA8 /* roboto-bold.ttf */,
				83F02DBF1F17D84000347AA8 /* roboto-bolditalic.ttf */,
				83F02DC91F17D84000347AA8 /* roboto-italic.ttf */,
				83F02DC71F17D84000347AA8 /* roboto-light.ttf */,
				83F02DC41F17D84000347AA8 /* roboto-lightitalic.ttf */,
				83F02DC21F17D84000347AA8 /* roboto-medium.ttf */,
				83F02DCA1F17D84000347AA8 /* roboto-mediumitalic.ttf */,
				83F02DC11F17D84000347AA8 /* roboto-regular.ttf */,
				83F02DC51F17D84000347AA8 /* roboto-thin.ttf */,
				83F02DC61F17D84000347AA8 /* roboto-thinitalic.ttf */,
			);
			path = Resources;
			sourceTree = "<group>";
		};
		83E5F7FF1EF826CC00279C59 /* Geometry */ = {
			isa = PBXGroup;
			children = (
				83E5F8111EF8316C00279C59 /* CGFloat.swift */,
				83E5F8101EF8316C00279C59 /* CGPoint.swift */,
				83E5F8121EF8316C00279C59 /* CGSize.swift */,
				5CE5C5791EDDAE5000680154 /* CGPath.swift */,
				5CE5C5771EDDAD8200680154 /* CGRect.swift */,
			);
			name = Geometry;
			sourceTree = "<group>";
		};
		83F02DBB1F179B0300347AA8 /* Button */ = {
			isa = PBXGroup;
			children = (
				83F02DB51F1798ED00347AA8 /* Button.swift */,
				83B76ED21F0BCD4C0096736C /* ButtonTestsConstants.swift */,
				832A7F031F1632250041916B /* ButtonContentAlignmentTests.swift */,
				832A7F011F1632070041916B /* ButtonSizeToFitTests.swift */,
				83F02DBC1F179D1A00347AA8 /* ButtonSetTitleForStateTests.swift */,
				8373358F1F2F6A4F0012F066 /* ButtonSetTitleColorForStateTests.swift */,
			);
			path = Button;
			sourceTree = "<group>";
		};
/* End PBXGroup section */

/* Begin PBXHeadersBuildPhase section */
		5C27E7AB1ECB2F6500F5020D /* Headers */ = {
			isa = PBXHeadersBuildPhase;
			buildActionMask = 2147483647;
			files = (
				5CA995A21EE8182F007D0456 /* UIKit.h in Headers */,
			);
			runOnlyForDeploymentPostprocessing = 0;
		};
/* End PBXHeadersBuildPhase section */

/* Begin PBXNativeTarget section */
		5C27E7AD1ECB2F6500F5020D /* UIKit */ = {
			isa = PBXNativeTarget;
			buildConfigurationList = 5C27E7C21ECB2F6500F5020D /* Build configuration list for PBXNativeTarget "UIKit" */;
			buildPhases = (
				5C27E7A91ECB2F6500F5020D /* Sources */,
				5C27E7AA1ECB2F6500F5020D /* Frameworks */,
				5C27E7AB1ECB2F6500F5020D /* Headers */,
				5C27E7AC1ECB2F6500F5020D /* Resources */,
			);
			buildRules = (
			);
			dependencies = (
				5C2714E01F2B9FB90026BBA9 /* PBXTargetDependency */,
			);
			name = UIKit;
			productName = UIKit;
			productReference = 5C27E7AE1ECB2F6500F5020D /* UIKit.framework */;
			productType = "com.apple.product-type.framework";
		};
		5C27E7B61ECB2F6500F5020D /* UIKitTests */ = {
			isa = PBXNativeTarget;
			buildConfigurationList = 5C27E7C51ECB2F6500F5020D /* Build configuration list for PBXNativeTarget "UIKitTests" */;
			buildPhases = (
				5C27E7B31ECB2F6500F5020D /* Sources */,
				5C27E7B41ECB2F6500F5020D /* Frameworks */,
				5C27E7B51ECB2F6500F5020D /* Resources */,
			);
			buildRules = (
			);
			dependencies = (
				5C27E7BA1ECB2F6500F5020D /* PBXTargetDependency */,
			);
			name = UIKitTests;
			productName = UIKitTests;
			productReference = 5C27E7B71ECB2F6500F5020D /* UIKitTests.xctest */;
			productType = "com.apple.product-type.bundle.unit-test";
		};
		833860AB1F0D55B3004DD55E /* iOSTestTarget */ = {
			isa = PBXNativeTarget;
			buildConfigurationList = 833860B31F0D55B3004DD55E /* Build configuration list for PBXNativeTarget "iOSTestTarget" */;
			buildPhases = (
				833860A81F0D55B3004DD55E /* Sources */,
				833860A91F0D55B3004DD55E /* Frameworks */,
				833860AA1F0D55B3004DD55E /* Resources */,
			);
			buildRules = (
			);
			dependencies = (
			);
			name = iOSTestTarget;
			productName = iOSTestTarget;
			productReference = 833860AC1F0D55B3004DD55E /* iOSTestTarget.xctest */;
			productType = "com.apple.product-type.bundle.unit-test";
		};
/* End PBXNativeTarget section */

/* Begin PBXProject section */
		5C27E7A51ECB2F6500F5020D /* Project object */ = {
			isa = PBXProject;
			attributes = {
				LastSwiftUpdateCheck = 0900;
				LastUpgradeCheck = 0900;
				ORGANIZATIONNAME = flowkey;
				TargetAttributes = {
					5C27E7AD1ECB2F6500F5020D = {
						CreatedOnToolsVersion = 8.3.2;
						DevelopmentTeam = FTSYMMN5B5;
						LastSwiftMigration = 0900;
						ProvisioningStyle = Automatic;
					};
					5C27E7B61ECB2F6500F5020D = {
						CreatedOnToolsVersion = 8.3.2;
						DevelopmentTeam = FTSYMMN5B5;
						LastSwiftMigration = 0900;
						ProvisioningStyle = Automatic;
					};
					833860AB1F0D55B3004DD55E = {
						CreatedOnToolsVersion = 9.0;
						DevelopmentTeam = 8AA348BVEZ;
					};
				};
			};
			buildConfigurationList = 5C27E7A81ECB2F6500F5020D /* Build configuration list for PBXProject "UIKit" */;
			compatibilityVersion = "Xcode 3.2";
			developmentRegion = English;
			hasScannedForEncodings = 0;
			knownRegions = (
				en,
			);
			mainGroup = 5C27E7A41ECB2F6500F5020D;
			productRefGroup = 5C27E7AF1ECB2F6500F5020D /* Products */;
			projectDirPath = "";
			projectReferences = (
				{
					ProductGroup = 5C2714B01F2B86240026BBA9 /* Products */;
					ProjectRef = 5C1D2F2B1F1E277A0006682E /* JNI.xcodeproj */;
				},
			);
			projectRoot = "";
			targets = (
				5C27E7AD1ECB2F6500F5020D /* UIKit */,
				5C27E7B61ECB2F6500F5020D /* UIKitTests */,
				833860AB1F0D55B3004DD55E /* iOSTestTarget */,
			);
		};
/* End PBXProject section */

/* Begin PBXReferenceProxy section */
		5C2714B51F2B86240026BBA9 /* JNI.framework */ = {
			isa = PBXReferenceProxy;
			fileType = wrapper.framework;
			path = JNI.framework;
			remoteRef = 5C2714B41F2B86240026BBA9 /* PBXContainerItemProxy */;
			sourceTree = BUILT_PRODUCTS_DIR;
		};
		5C2714B71F2B86240026BBA9 /* CJNI.framework */ = {
			isa = PBXReferenceProxy;
			fileType = wrapper.framework;
			path = CJNI.framework;
			remoteRef = 5C2714B61F2B86240026BBA9 /* PBXContainerItemProxy */;
			sourceTree = BUILT_PRODUCTS_DIR;
		};
/* End PBXReferenceProxy section */

/* Begin PBXResourcesBuildPhase section */
		5C27E7AC1ECB2F6500F5020D /* Resources */ = {
			isa = PBXResourcesBuildPhase;
			buildActionMask = 2147483647;
			files = (
				83F02DDE1F18F18500347AA8 /* roboto-medium.ttf in Resources */,
				83F02DE11F18F18500347AA8 /* roboto-thin.ttf in Resources */,
				83F02DDB1F18F18500347AA8 /* roboto-italic.ttf in Resources */,
				83F02DE01F18F18500347AA8 /* roboto-regular.ttf in Resources */,
				83F02DE21F18F18500347AA8 /* roboto-thinitalic.ttf in Resources */,
				83F02DD91F18F18500347AA8 /* roboto-bold.ttf in Resources */,
				83F02DDC1F18F18500347AA8 /* roboto-light.ttf in Resources */,
				83F02DDF1F18F18500347AA8 /* roboto-mediumitalic.ttf in Resources */,
				83F02DDD1F18F18500347AA8 /* roboto-lightitalic.ttf in Resources */,
				83F02DD71F18F18500347AA8 /* roboto-black.ttf in Resources */,
				83F02DDA1F18F18500347AA8 /* roboto-bolditalic.ttf in Resources */,
				83F02DD81F18F18500347AA8 /* roboto-blackitalic.ttf in Resources */,
			);
			runOnlyForDeploymentPostprocessing = 0;
		};
		5C27E7B51ECB2F6500F5020D /* Resources */ = {
			isa = PBXResourcesBuildPhase;
			buildActionMask = 2147483647;
			files = (
			);
			runOnlyForDeploymentPostprocessing = 0;
		};
		833860AA1F0D55B3004DD55E /* Resources */ = {
			isa = PBXResourcesBuildPhase;
			buildActionMask = 2147483647;
			files = (
				83F02DD21F18F17600347AA8 /* roboto-medium.ttf in Resources */,
				83F02DD51F18F17600347AA8 /* roboto-thin.ttf in Resources */,
				83F02DCF1F18F17600347AA8 /* roboto-italic.ttf in Resources */,
				83F02DD41F18F17600347AA8 /* roboto-regular.ttf in Resources */,
				83F02DD61F18F17600347AA8 /* roboto-thinitalic.ttf in Resources */,
				83F02DCD1F18F17600347AA8 /* roboto-bold.ttf in Resources */,
				83F02DD01F18F17600347AA8 /* roboto-light.ttf in Resources */,
				83F02DD31F18F17600347AA8 /* roboto-mediumitalic.ttf in Resources */,
				83F02DD11F18F17600347AA8 /* roboto-lightitalic.ttf in Resources */,
				83F02DCB1F18F17600347AA8 /* roboto-black.ttf in Resources */,
				83F02DCE1F18F17600347AA8 /* roboto-bolditalic.ttf in Resources */,
				83F02DCC1F18F17600347AA8 /* roboto-blackitalic.ttf in Resources */,
			);
			runOnlyForDeploymentPostprocessing = 0;
		};
/* End PBXResourcesBuildPhase section */

/* Begin PBXSourcesBuildPhase section */
		5C27E7A91ECB2F6500F5020D /* Sources */ = {
			isa = PBXSourcesBuildPhase;
			buildActionMask = 2147483647;
			files = (
				5C6AB71E1ED3BECD006F90AC /* UIView.swift in Sources */,
				5C6AB7821EDC18BA006F90AC /* UITouch.swift in Sources */,
				5C1F06AF1F3210F300EFF087 /* UIViewController.swift in Sources */,
				5CDB31B51F1CCA4F0081A605 /* CGDataProvider.swift in Sources */,
				8333B2C01F1D11B800D98662 /* NSAttributedString.swift in Sources */,
				838545631F26458100B64986 /* UIVisualEffect.swift in Sources */,
				5C6AB7181ED3BECD006F90AC /* Button.swift in Sources */,
				5C6AB71C1ED3BECD006F90AC /* UIImage.swift in Sources */,
				5B1F87051F4C889F0051A1A2 /* CAMediaTimingFunction.swift in Sources */,
				5C6AB7191ED3BECD006F90AC /* CALayer.swift in Sources */,
				83E5F7F31EF8188400279C59 /* UILabel.swift in Sources */,
				83D961351F2635D5005176DC /* NSMutableAttributedString.swift in Sources */,
				5C6AB7711ED680BC006F90AC /* UIResponder.swift in Sources */,
				83E5F8181EF8323500279C59 /* CGAffineTransform.swift in Sources */,
				5B8053DF1F39EE0E00BAF074 /* UIViewAnimationGroup.swift in Sources */,
				5CE5C57A1EDDAE5000680154 /* CGPath.swift in Sources */,
				5CAF2D101EE67DA2004C6380 /* CAAction.swift in Sources */,
				83E5F8171EF8322E00279C59 /* CGFloat.swift in Sources */,
				5C6AB71D1ED3BECD006F90AC /* UIImageView.swift in Sources */,
				5BBEECA51F39E7A6006E3416 /* CGRect+animations.swift in Sources */,
				5BC6F7A81F4B1A3600F9C432 /* Sources/CABasicAnimation+updateProgress.swift in Sources */,
				83AB7B5C1F2B6A2000C7997D /* UIGestureRecognizerDelegate.swift in Sources */,
				838545721F26536200B64986 /* NSAttributedStringKey.swift in Sources */,
				5C6AB7611ED5762A006F90AC /* UIEdgeInsets.swift in Sources */,
				83AB7B4C1F2B515B00C7997D /* UIAlertAction.swift in Sources */,
				5C6AB76B1ED5A648006F90AC /* UIView+animate.swift in Sources */,
				83E5F7ED1EF8157300279C59 /* Window.swift in Sources */,
				5C6AB77E1ED71867006F90AC /* CATransaction.swift in Sources */,
				5B4F43CF1F39C45900FB4AB9 /* CASpringAnimation.swift in Sources */,
				5C6AB71F1ED3BECD006F90AC /* UIWindow.swift in Sources */,
				5BF666A01F4AEC6800BF698C /* CASpringAnimationPrototype.swift in Sources */,
				83CC3CD11F275DB600144E85 /* NSRange.swift in Sources */,
				5B840BB71F42FCBD0010AC95 /* AnimatableProperty.swift in Sources */,
				5C27E8181ECB301900F5020D /* UIKit+SDL.swift in Sources */,
				8337A8591F3B143400475F80 /* UIActivityIndicatorView.swift in Sources */,
				5CE5C5711EDC6AA100680154 /* UITapGestureRecognizer.swift in Sources */,
				5C361E231ECC348700B3F561 /* UIView+SDL.swift in Sources */,
				5C9037251F138B8A0058E592 /* MeteringView.swift in Sources */,
				5C6AB76E1ED5B8DB006F90AC /* UIGestureRecognizer.swift in Sources */,
				8318D27B1F0695080029816A /* UIControl.swift in Sources */,
				5CE5C56F1EDC39E100680154 /* UIPanGestureRecognizer.swift in Sources */,
				83AB7B481F2B504300C7997D /* UIAlertController.swift in Sources */,
				83E5F7EB1EF8156400279C59 /* Texture.swift in Sources */,
				5C6AB75F1ED575CF006F90AC /* UIScrollView.swift in Sources */,
				5CDB31B71F1CE8050081A605 /* Bundle.swift in Sources */,
				8378E17E1F05503600E138BD /* UIVisualEffectView.swift in Sources */,
				5C6AB7651ED5A0C3006F90AC /* UIEvent.swift in Sources */,
				8337A8131F39F37500475F80 /* UIScreen.swift in Sources */,
				83E5F8151EF8322800279C59 /* CGSize.swift in Sources */,
				5C27E80F1ECB301900F5020D /* SDL2 Shims.swift in Sources */,
				83F8D4A21F028E6B008D3262 /* CALayer+SDL.swift in Sources */,
				5BF6669A1F472A3400BF698C /* CABasicAnimationPrototype.swift in Sources */,
				5CE5C5731EDD7C3400680154 /* SDL+TouchHandling.swift in Sources */,
				5B2D46271F458E5000096D48 /* AnimationLoopState.swift in Sources */,
				5CFBD23E1EF8145C00BC9EBB /* FontRenderer.swift in Sources */,
				5CADAF7B1F1D147600897FC1 /* AVPlayerLayer+Mac.swift in Sources */,
				5C5AC6DD1F1791D0004A88C0 /* VideoPlayer+Mac.swift in Sources */,
				5C6AB77C1ED70F97006F90AC /* DisplayLink.swift in Sources */,
				5B0C9DBD1F4EEA5300E553F8 /* CALayer+createNonAnimatingCopy.swift in Sources */,
				83E5F8161EF8322B00279C59 /* CGPoint.swift in Sources */,
				83E5F7F61EF81AB500279C59 /* UIFont.swift in Sources */,
				5C6AB71B1ED3BECD006F90AC /* UIColor.swift in Sources */,
				5B6AC4571F2F73A90029AC0C /* CALayer+animations.swift in Sources */,
				5C3716B61F10050600B2C366 /* Timer.swift in Sources */,
				5CAF2D0C1EE67D69004C6380 /* CABasicAnimation.swift in Sources */,
				5CE5C5781EDDAD8200680154 /* CGRect.swift in Sources */,
				83AB7B5A1F2B679600C7997D /* UIPinchGestureRecognizer.swift in Sources */,
			);
			runOnlyForDeploymentPostprocessing = 0;
		};
		5C27E7B31ECB2F6500F5020D /* Sources */ = {
			isa = PBXSourcesBuildPhase;
			buildActionMask = 2147483647;
			files = (
				83F02DB11F17988F00347AA8 /* Texture+Size.swift in Sources */,
				83F02DBD1F179D1A00347AA8 /* ButtonSetTitleForStateTests.swift in Sources */,
				5BD4762E1F4D82070055EE27 /* CAMediaTimingFunctionTests.swift in Sources */,
				5C6AB7801EDBDF40006F90AC /* UIViewTests.swift in Sources */,
				5BA7B40B1F45A6AD0040CB58 /* CABasicAnimationTests.swift in Sources */,
				8323F2801F2FA2EE00C121BB /* TestSetup.swift in Sources */,
				5BDE15E01F3DF7A1005620AA /* UIViewAnimationTests.swift in Sources */,
				83F02DAD1F177BDC00347AA8 /* CGRectTests.swift in Sources */,
				83F02DB91F1799D200347AA8 /* UIImage+testImage.swift in Sources */,
				83B76ED31F0BCD4C0096736C /* ButtonTestsConstants.swift in Sources */,
				837335901F2F6A4F0012F066 /* ButtonSetTitleColorForStateTests.swift in Sources */,
				832A7F021F1632070041916B /* ButtonSizeToFitTests.swift in Sources */,
				832A7F041F1632250041916B /* ButtonContentAlignmentTests.swift in Sources */,
			);
			runOnlyForDeploymentPostprocessing = 0;
		};
		833860A81F0D55B3004DD55E /* Sources */ = {
			isa = PBXSourcesBuildPhase;
			buildActionMask = 2147483647;
			files = (
				83F02DBA1F179AE800347AA8 /* UIImage+testImage.swift in Sources */,
				83F02DBE1F179D1A00347AA8 /* ButtonSetTitleForStateTests.swift in Sources */,
				833860B41F0D55BC004DD55E /* ButtonTestsConstants.swift in Sources */,
				5BA7B40E1F45A6E10040CB58 /* CABasicAnimationTests.swift in Sources */,
				8323F2821F2FA42A00C121BB /* TestSetup.swift in Sources */,
				5BDE15E11F3DF7AE005620AA /* UIViewAnimationTests.swift in Sources */,
				83F02DB71F1798F200347AA8 /* Button.swift in Sources */,
				83F02DB41F1798D100347AA8 /* loadCustomFont.swift in Sources */,
				832A7F0E1F1636900041916B /* ButtonSizeToFitTests.swift in Sources */,
				837335921F2F6AC70012F066 /* ButtonSetTitleColorForStateTests.swift in Sources */,
				832A7F0D1F16368D0041916B /* ButtonContentAlignmentTests.swift in Sources */,
				5C9037211F137FB70058E592 /* CGRectTests.swift in Sources */,
			);
			runOnlyForDeploymentPostprocessing = 0;
		};
/* End PBXSourcesBuildPhase section */

/* Begin PBXTargetDependency section */
		5C2714E01F2B9FB90026BBA9 /* PBXTargetDependency */ = {
			isa = PBXTargetDependency;
			name = JNI;
			targetProxy = 5C2714DF1F2B9FB90026BBA9 /* PBXContainerItemProxy */;
		};
		5C27E7BA1ECB2F6500F5020D /* PBXTargetDependency */ = {
			isa = PBXTargetDependency;
			target = 5C27E7AD1ECB2F6500F5020D /* UIKit */;
			targetProxy = 5C27E7B91ECB2F6500F5020D /* PBXContainerItemProxy */;
		};
/* End PBXTargetDependency section */

/* Begin XCBuildConfiguration section */
		5C27E7C01ECB2F6500F5020D /* Debug */ = {
			isa = XCBuildConfiguration;
			buildSettings = {
				ALWAYS_SEARCH_USER_PATHS = NO;
				CLANG_ANALYZER_NONNULL = YES;
				CLANG_ANALYZER_NUMBER_OBJECT_CONVERSION = YES_AGGRESSIVE;
				CLANG_CXX_LANGUAGE_STANDARD = "gnu++0x";
				CLANG_CXX_LIBRARY = "libc++";
				CLANG_ENABLE_OBJC_ARC = YES;
				CLANG_WARN_BLOCK_CAPTURE_AUTORELEASING = YES;
				CLANG_WARN_BOOL_CONVERSION = YES;
				CLANG_WARN_COMMA = YES;
				CLANG_WARN_CONSTANT_CONVERSION = YES;
				CLANG_WARN_DIRECT_OBJC_ISA_USAGE = YES_ERROR;
				CLANG_WARN_DOCUMENTATION_COMMENTS = YES;
				CLANG_WARN_EMPTY_BODY = YES;
				CLANG_WARN_ENUM_CONVERSION = YES;
				CLANG_WARN_INFINITE_RECURSION = YES;
				CLANG_WARN_INT_CONVERSION = YES;
				CLANG_WARN_NON_LITERAL_NULL_CONVERSION = YES;
				CLANG_WARN_OBJC_LITERAL_CONVERSION = YES;
				CLANG_WARN_OBJC_ROOT_CLASS = YES_ERROR;
				CLANG_WARN_RANGE_LOOP_ANALYSIS = YES;
				CLANG_WARN_STRICT_PROTOTYPES = YES;
				CLANG_WARN_SUSPICIOUS_MOVE = YES;
				CLANG_WARN_UNREACHABLE_CODE = YES;
				CLANG_WARN__DUPLICATE_METHOD_MATCH = YES;
				CODE_SIGN_IDENTITY = "-";
				COPY_PHASE_STRIP = NO;
				CURRENT_PROJECT_VERSION = 1;
				DEBUG_INFORMATION_FORMAT = dwarf;
				DEFINES_MODULE = YES;
				ENABLE_STRICT_OBJC_MSGSEND = YES;
				ENABLE_TESTABILITY = YES;
				GCC_C_LANGUAGE_STANDARD = gnu99;
				GCC_DYNAMIC_NO_PIC = NO;
				GCC_NO_COMMON_BLOCKS = YES;
				GCC_OPTIMIZATION_LEVEL = 0;
				GCC_PREPROCESSOR_DEFINITIONS = (
					"DEBUG=1",
					"$(inherited)",
				);
				GCC_WARN_64_TO_32_BIT_CONVERSION = YES;
				GCC_WARN_ABOUT_RETURN_TYPE = YES_ERROR;
				GCC_WARN_UNDECLARED_SELECTOR = YES;
				GCC_WARN_UNINITIALIZED_AUTOS = YES_AGGRESSIVE;
				GCC_WARN_UNUSED_FUNCTION = YES;
				GCC_WARN_UNUSED_VARIABLE = YES;
				MACOSX_DEPLOYMENT_TARGET = 10.12;
				MTL_ENABLE_DEBUG_INFO = YES;
				ONLY_ACTIVE_ARCH = YES;
				SDKROOT = macosx;
				SWIFT_ACTIVE_COMPILATION_CONDITIONS = DEBUG;
				SWIFT_OPTIMIZATION_LEVEL = "-Onone";
				VERSIONING_SYSTEM = "apple-generic";
				VERSION_INFO_PREFIX = "";
			};
			name = Debug;
		};
		5C27E7C11ECB2F6500F5020D /* Release */ = {
			isa = XCBuildConfiguration;
			buildSettings = {
				ALWAYS_SEARCH_USER_PATHS = NO;
				CLANG_ANALYZER_NONNULL = YES;
				CLANG_ANALYZER_NUMBER_OBJECT_CONVERSION = YES_AGGRESSIVE;
				CLANG_CXX_LANGUAGE_STANDARD = "gnu++0x";
				CLANG_CXX_LIBRARY = "libc++";
				CLANG_ENABLE_OBJC_ARC = YES;
				CLANG_WARN_BLOCK_CAPTURE_AUTORELEASING = YES;
				CLANG_WARN_BOOL_CONVERSION = YES;
				CLANG_WARN_COMMA = YES;
				CLANG_WARN_CONSTANT_CONVERSION = YES;
				CLANG_WARN_DIRECT_OBJC_ISA_USAGE = YES_ERROR;
				CLANG_WARN_DOCUMENTATION_COMMENTS = YES;
				CLANG_WARN_EMPTY_BODY = YES;
				CLANG_WARN_ENUM_CONVERSION = YES;
				CLANG_WARN_INFINITE_RECURSION = YES;
				CLANG_WARN_INT_CONVERSION = YES;
				CLANG_WARN_NON_LITERAL_NULL_CONVERSION = YES;
				CLANG_WARN_OBJC_LITERAL_CONVERSION = YES;
				CLANG_WARN_OBJC_ROOT_CLASS = YES_ERROR;
				CLANG_WARN_RANGE_LOOP_ANALYSIS = YES;
				CLANG_WARN_STRICT_PROTOTYPES = YES;
				CLANG_WARN_SUSPICIOUS_MOVE = YES;
				CLANG_WARN_UNREACHABLE_CODE = YES;
				CLANG_WARN__DUPLICATE_METHOD_MATCH = YES;
				CODE_SIGN_IDENTITY = "-";
				COPY_PHASE_STRIP = NO;
				CURRENT_PROJECT_VERSION = 1;
				DEBUG_INFORMATION_FORMAT = "dwarf-with-dsym";
				DEFINES_MODULE = YES;
				ENABLE_NS_ASSERTIONS = NO;
				ENABLE_STRICT_OBJC_MSGSEND = YES;
				GCC_C_LANGUAGE_STANDARD = gnu99;
				GCC_NO_COMMON_BLOCKS = YES;
				GCC_WARN_64_TO_32_BIT_CONVERSION = YES;
				GCC_WARN_ABOUT_RETURN_TYPE = YES_ERROR;
				GCC_WARN_UNDECLARED_SELECTOR = YES;
				GCC_WARN_UNINITIALIZED_AUTOS = YES_AGGRESSIVE;
				GCC_WARN_UNUSED_FUNCTION = YES;
				GCC_WARN_UNUSED_VARIABLE = YES;
				MACOSX_DEPLOYMENT_TARGET = 10.12;
				MTL_ENABLE_DEBUG_INFO = NO;
				SDKROOT = macosx;
				SWIFT_OPTIMIZATION_LEVEL = "-Owholemodule";
				VERSIONING_SYSTEM = "apple-generic";
				VERSION_INFO_PREFIX = "";
			};
			name = Release;
		};
		5C27E7C31ECB2F6500F5020D /* Debug */ = {
			isa = XCBuildConfiguration;
			buildSettings = {
				CLANG_ENABLE_MODULES = YES;
				CODE_SIGN_IDENTITY = "";
				COMBINE_HIDPI_IMAGES = YES;
				DEVELOPMENT_TEAM = FTSYMMN5B5;
				DYLIB_COMPATIBILITY_VERSION = 1;
				DYLIB_CURRENT_VERSION = 1;
				FRAMEWORK_VERSION = A;
				HEADER_SEARCH_PATHS = (
					"$(PROJECT_DIR)/UIKit",
					"$(PROJECT_DIR)/SDL/SDL2/include",
				);
				INFOPLIST_FILE = UIKit/Info.plist;
				LD_RUNPATH_SEARCH_PATHS = "$(inherited) @executable_path/../Frameworks @loader_path/../Frameworks";
				LIBRARY_SEARCH_PATHS = "$(PROJECT_DIR)/UIKit";
				PRODUCT_BUNDLE_IDENTIFIER = com.flowkey.UIKit;
				PRODUCT_NAME = "$(TARGET_NAME)";
				SKIP_INSTALL = YES;
				SWIFT_INCLUDE_PATHS = "$(PROJECT_DIR)/SDL/ $(PROJECT_DIR)/swift-jni/Sources/CJNI/include";
				SWIFT_VERSION = 4.0;
			};
			name = Debug;
		};
		5C27E7C41ECB2F6500F5020D /* Release */ = {
			isa = XCBuildConfiguration;
			buildSettings = {
				CLANG_ENABLE_MODULES = YES;
				CODE_SIGN_IDENTITY = "";
				COMBINE_HIDPI_IMAGES = YES;
				DEVELOPMENT_TEAM = FTSYMMN5B5;
				DYLIB_COMPATIBILITY_VERSION = 1;
				DYLIB_CURRENT_VERSION = 1;
				FRAMEWORK_VERSION = A;
				HEADER_SEARCH_PATHS = (
					"$(PROJECT_DIR)/UIKit",
					"$(PROJECT_DIR)/SDL/SDL2/include",
				);
				INFOPLIST_FILE = UIKit/Info.plist;
				LD_RUNPATH_SEARCH_PATHS = "$(inherited) @executable_path/../Frameworks @loader_path/../Frameworks";
				LIBRARY_SEARCH_PATHS = "$(PROJECT_DIR)/UIKit";
				PRODUCT_BUNDLE_IDENTIFIER = com.flowkey.UIKit;
				PRODUCT_NAME = "$(TARGET_NAME)";
				SKIP_INSTALL = YES;
				SWIFT_INCLUDE_PATHS = "$(PROJECT_DIR)/SDL/ $(PROJECT_DIR)/swift-jni/Sources/CJNI/include";
				SWIFT_VERSION = 4.0;
			};
			name = Release;
		};
		5C27E7C61ECB2F6500F5020D /* Debug */ = {
			isa = XCBuildConfiguration;
			buildSettings = {
				ALWAYS_EMBED_SWIFT_STANDARD_LIBRARIES = YES;
				COMBINE_HIDPI_IMAGES = YES;
				DEVELOPMENT_TEAM = FTSYMMN5B5;
				INFOPLIST_FILE = UIKitTests/Info.plist;
				LD_RUNPATH_SEARCH_PATHS = "$(inherited) @executable_path/../Frameworks @loader_path/../Frameworks";
				LIBRARY_SEARCH_PATHS = "$(PROJECT_DIR)/UIKit";
				PRODUCT_BUNDLE_IDENTIFIER = com.flowkey.UIKitTests;
				PRODUCT_NAME = "$(TARGET_NAME)";
				SWIFT_VERSION = 4.0;
			};
			name = Debug;
		};
		5C27E7C71ECB2F6500F5020D /* Release */ = {
			isa = XCBuildConfiguration;
			buildSettings = {
				ALWAYS_EMBED_SWIFT_STANDARD_LIBRARIES = YES;
				COMBINE_HIDPI_IMAGES = YES;
				DEVELOPMENT_TEAM = FTSYMMN5B5;
				INFOPLIST_FILE = UIKitTests/Info.plist;
				LD_RUNPATH_SEARCH_PATHS = "$(inherited) @executable_path/../Frameworks @loader_path/../Frameworks";
				LIBRARY_SEARCH_PATHS = "$(PROJECT_DIR)/UIKit";
				PRODUCT_BUNDLE_IDENTIFIER = com.flowkey.UIKitTests;
				PRODUCT_NAME = "$(TARGET_NAME)";
				SWIFT_VERSION = 4.0;
			};
			name = Release;
		};
		833860B11F0D55B3004DD55E /* Debug */ = {
			isa = XCBuildConfiguration;
			buildSettings = {
				CLANG_CXX_LANGUAGE_STANDARD = "gnu++14";
				CLANG_ENABLE_MODULES = YES;
				CLANG_WARN_UNGUARDED_AVAILABILITY = YES_AGGRESSIVE;
				CODE_SIGN_IDENTITY = "iPhone Developer";
				DEVELOPMENT_TEAM = 8AA348BVEZ;
				GCC_C_LANGUAGE_STANDARD = gnu11;
				INFOPLIST_FILE = iOSTestTarget/Info.plist;
				IPHONEOS_DEPLOYMENT_TARGET = 11.0;
				LD_RUNPATH_SEARCH_PATHS = "$(inherited) @executable_path/Frameworks @loader_path/Frameworks";
				PRODUCT_BUNDLE_IDENTIFIER = com.christianhaug.iOSTestTarget;
				PRODUCT_NAME = "$(TARGET_NAME)";
				SDKROOT = iphoneos;
				SWIFT_VERSION = 4.0;
				TARGETED_DEVICE_FAMILY = "1,2";
			};
			name = Debug;
		};
		833860B21F0D55B3004DD55E /* Release */ = {
			isa = XCBuildConfiguration;
			buildSettings = {
				CLANG_CXX_LANGUAGE_STANDARD = "gnu++14";
				CLANG_ENABLE_MODULES = YES;
				CLANG_WARN_UNGUARDED_AVAILABILITY = YES_AGGRESSIVE;
				CODE_SIGN_IDENTITY = "iPhone Developer";
				DEVELOPMENT_TEAM = 8AA348BVEZ;
				GCC_C_LANGUAGE_STANDARD = gnu11;
				INFOPLIST_FILE = iOSTestTarget/Info.plist;
				IPHONEOS_DEPLOYMENT_TARGET = 11.0;
				LD_RUNPATH_SEARCH_PATHS = "$(inherited) @executable_path/Frameworks @loader_path/Frameworks";
				PRODUCT_BUNDLE_IDENTIFIER = com.christianhaug.iOSTestTarget;
				PRODUCT_NAME = "$(TARGET_NAME)";
				SDKROOT = iphoneos;
				SWIFT_VERSION = 4.0;
				TARGETED_DEVICE_FAMILY = "1,2";
				VALIDATE_PRODUCT = YES;
			};
			name = Release;
		};
/* End XCBuildConfiguration section */

/* Begin XCConfigurationList section */
		5C27E7A81ECB2F6500F5020D /* Build configuration list for PBXProject "UIKit" */ = {
			isa = XCConfigurationList;
			buildConfigurations = (
				5C27E7C01ECB2F6500F5020D /* Debug */,
				5C27E7C11ECB2F6500F5020D /* Release */,
			);
			defaultConfigurationIsVisible = 0;
			defaultConfigurationName = Release;
		};
		5C27E7C21ECB2F6500F5020D /* Build configuration list for PBXNativeTarget "UIKit" */ = {
			isa = XCConfigurationList;
			buildConfigurations = (
				5C27E7C31ECB2F6500F5020D /* Debug */,
				5C27E7C41ECB2F6500F5020D /* Release */,
			);
			defaultConfigurationIsVisible = 0;
			defaultConfigurationName = Release;
		};
		5C27E7C51ECB2F6500F5020D /* Build configuration list for PBXNativeTarget "UIKitTests" */ = {
			isa = XCConfigurationList;
			buildConfigurations = (
				5C27E7C61ECB2F6500F5020D /* Debug */,
				5C27E7C71ECB2F6500F5020D /* Release */,
			);
			defaultConfigurationIsVisible = 0;
			defaultConfigurationName = Release;
		};
		833860B31F0D55B3004DD55E /* Build configuration list for PBXNativeTarget "iOSTestTarget" */ = {
			isa = XCConfigurationList;
			buildConfigurations = (
				833860B11F0D55B3004DD55E /* Debug */,
				833860B21F0D55B3004DD55E /* Release */,
			);
			defaultConfigurationIsVisible = 0;
			defaultConfigurationName = Release;
		};
/* End XCConfigurationList section */
	};
	rootObject = 5C27E7A51ECB2F6500F5020D /* Project object */;
}
